// !$*UTF8*$!
{
	archiveVersion = 1;
	classes = {
	};
	objectVersion = 46;
	objects = {

/* Begin PBXBuildFile section */
		233FF178749BB2822714D140 /* libPods.a in Frameworks */ = {isa = PBXBuildFile; fileRef = E285C43812B3E4B8CD42A4D6 /* libPods.a */; };
		88207F961BCF8CAC00C3B3A0 /* BaseVC.m in Sources */ = {isa = PBXBuildFile; fileRef = 88207F951BCF8CAC00C3B3A0 /* BaseVC.m */; };
		883873281C2B97E60038C9D5 /* RSAEncryptor.m in Sources */ = {isa = PBXBuildFile; fileRef = 883873271C2B97E60038C9D5 /* RSAEncryptor.m */; };
		8838732B1C2B985C0038C9D5 /* QNSecurity.m in Sources */ = {isa = PBXBuildFile; fileRef = 8838732A1C2B985C0038C9D5 /* QNSecurity.m */; };
		8838732E1C2B98990038C9D5 /* AESEncryptor.m in Sources */ = {isa = PBXBuildFile; fileRef = 8838732D1C2B98990038C9D5 /* AESEncryptor.m */; };
		883873331C2BF10A0038C9D5 /* private_key1024.p12 in Resources */ = {isa = PBXBuildFile; fileRef = 8838732F1C2BF0F80038C9D5 /* private_key1024.p12 */; };
		883873341C2BF10A0038C9D5 /* public_key1024.der in Resources */ = {isa = PBXBuildFile; fileRef = 883873301C2BF0F80038C9D5 /* public_key1024.der */; };
		883873371C2BF72D0038C9D5 /* private_key512.p12 in Resources */ = {isa = PBXBuildFile; fileRef = 883873351C2BF72D0038C9D5 /* private_key512.p12 */; };
		883873381C2BF72D0038C9D5 /* public_key512.der in Resources */ = {isa = PBXBuildFile; fileRef = 883873361C2BF72D0038C9D5 /* public_key512.der */; };
		8838733B1C2BF8610038C9D5 /* private_key2048.p12 in Resources */ = {isa = PBXBuildFile; fileRef = 883873391C2BF8610038C9D5 /* private_key2048.p12 */; };
		8838733C1C2BF8610038C9D5 /* public_key2048.der in Resources */ = {isa = PBXBuildFile; fileRef = 8838733A1C2BF8610038C9D5 /* public_key2048.der */; };
		883892561C0E8B0B000A9DDD /* UIView+WZPSeparator.m in Sources */ = {isa = PBXBuildFile; fileRef = 883892551C0E8B0B000A9DDD /* UIView+WZPSeparator.m */; };
		883B10F71C01F1CC00F57CBD /* RichTextViewController.m in Sources */ = {isa = PBXBuildFile; fileRef = 883B10F61C01F1CC00F57CBD /* RichTextViewController.m */; };
		883D92AF1C2AA54F008A1915 /* NSData+Base64.m in Sources */ = {isa = PBXBuildFile; fileRef = 883D92AE1C2AA54F008A1915 /* NSData+Base64.m */; };
		8843FAE01BDA230900066628 /* TextSizeCaculateViewController.m in Sources */ = {isa = PBXBuildFile; fileRef = 8843FADF1BDA230900066628 /* TextSizeCaculateViewController.m */; };
		88471A391BE9959200E35EA2 /* FileManageViewController.m in Sources */ = {isa = PBXBuildFile; fileRef = 88471A381BE9959200E35EA2 /* FileManageViewController.m */; };
		8847395B1C21437100078E2D /* libHelloOC_a.a in Frameworks */ = {isa = PBXBuildFile; fileRef = 8847395A1C21437100078E2D /* libHelloOC_a.a */; };
		8847395E1C2149EC00078E2D /* NSData+AES.m in Sources */ = {isa = PBXBuildFile; fileRef = 8847395D1C2149EC00078E2D /* NSData+AES.m */; };
		884739611C214A0D00078E2D /* NSString+AES.m in Sources */ = {isa = PBXBuildFile; fileRef = 884739601C214A0D00078E2D /* NSString+AES.m */; };
		884739651C214D6200078E2D /* DataSecurityVC.m in Sources */ = {isa = PBXBuildFile; fileRef = 884739641C214D6200078E2D /* DataSecurityVC.m */; };
		884739691C2153AA00078E2D /* personcenter.storyboard in Resources */ = {isa = PBXBuildFile; fileRef = 884739681C2153AA00078E2D /* personcenter.storyboard */; };
		8848D7C11BF3218500CA4F77 /* MultiThreadViewController.m in Sources */ = {isa = PBXBuildFile; fileRef = 8848D7C01BF3218500CA4F77 /* MultiThreadViewController.m */; };
		884DA8BF1BE8B5FA0095FD83 /* DataPersistenceViewController.m in Sources */ = {isa = PBXBuildFile; fileRef = 884DA8BE1BE8B5FA0095FD83 /* DataPersistenceViewController.m */; };
		885ECF4A1C1FBC970099F806 /* UIViewController+WZPExtension.m in Sources */ = {isa = PBXBuildFile; fileRef = 885ECF491C1FBC970099F806 /* UIViewController+WZPExtension.m */; };
		885ECF6F1C20031E0099F806 /* Network__AFNetworking.m in Sources */ = {isa = PBXBuildFile; fileRef = 885ECF6A1C20031E0099F806 /* Network__AFNetworking.m */; };
		885ECF701C20031E0099F806 /* NetworkError__AFNetworking.m in Sources */ = {isa = PBXBuildFile; fileRef = 885ECF6C1C20031E0099F806 /* NetworkError__AFNetworking.m */; };
		8862171D1BE7069A00D32893 /* OCGrammarViewController.m in Sources */ = {isa = PBXBuildFile; fileRef = 8862171C1BE7069A00D32893 /* OCGrammarViewController.m */; };
		886A583A1C2A4F5E0050B722 /* Security.framework in Frameworks */ = {isa = PBXBuildFile; fileRef = 886A58391C2A4F5E0050B722 /* Security.framework */; };
		88735D711BABFE970080AFB8 /* LoginViewController.m in Sources */ = {isa = PBXBuildFile; fileRef = 88735D701BABFE970080AFB8 /* LoginViewController.m */; };
		8885D2D51BD487D90010B6D9 /* BaseCell.m in Sources */ = {isa = PBXBuildFile; fileRef = 8885D2D41BD487D90010B6D9 /* BaseCell.m */; };
		88A907491BAFFE7E00A50224 /* MyGlobalHelper.m in Sources */ = {isa = PBXBuildFile; fileRef = 88A907481BAFFE7E00A50224 /* MyGlobalHelper.m */; };
		88BBAC671BFB409100C87E8E /* Info.plist in Resources */ = {isa = PBXBuildFile; fileRef = 88BBAC661BFB409100C87E8E /* Info.plist */; };
		88C10E811BA65AB700E1D0E8 /* main.m in Sources */ = {isa = PBXBuildFile; fileRef = 88C10E801BA65AB700E1D0E8 /* main.m */; };
		88C10E841BA65AB700E1D0E8 /* AppDelegate.m in Sources */ = {isa = PBXBuildFile; fileRef = 88C10E831BA65AB700E1D0E8 /* AppDelegate.m */; };
		88C10E8C1BA65AB700E1D0E8 /* Images.xcassets in Resources */ = {isa = PBXBuildFile; fileRef = 88C10E8B1BA65AB700E1D0E8 /* Images.xcassets */; };
		88C10E8F1BA65AB700E1D0E8 /* LaunchScreen.xib in Resources */ = {isa = PBXBuildFile; fileRef = 88C10E8D1BA65AB700E1D0E8 /* LaunchScreen.xib */; };
		88C10E9B1BA65AB700E1D0E8 /* MyTemplateTests.m in Sources */ = {isa = PBXBuildFile; fileRef = 88C10E9A1BA65AB700E1D0E8 /* MyTemplateTests.m */; };
		88C10EB61BA6A33C00E1D0E8 /* MyPersonCenterViewController.m in Sources */ = {isa = PBXBuildFile; fileRef = 88C10EB51BA6A33C00E1D0E8 /* MyPersonCenterViewController.m */; };
		88C10EB91BA6A3B600E1D0E8 /* MyPersonCenterNavViewController.m in Sources */ = {isa = PBXBuildFile; fileRef = 88C10EB81BA6A3B600E1D0E8 /* MyPersonCenterNavViewController.m */; };
		88C10EBD1BA6A78B00E1D0E8 /* MyTalksNavViewController.m in Sources */ = {isa = PBXBuildFile; fileRef = 88C10EBC1BA6A78B00E1D0E8 /* MyTalksNavViewController.m */; };
		88C10EC01BA6A7B100E1D0E8 /* MyTalksViewController.m in Sources */ = {isa = PBXBuildFile; fileRef = 88C10EBF1BA6A7B100E1D0E8 /* MyTalksViewController.m */; };
		88CB44E81BD8BF0E009279BD /* ProDelegateSingleton.m in Sources */ = {isa = PBXBuildFile; fileRef = 88CB44E71BD8BF0E009279BD /* ProDelegateSingleton.m */; };
		88CECFAC1C112CF000994715 /* Storyboard.storyboard in Resources */ = {isa = PBXBuildFile; fileRef = 88CECFAB1C112CF000994715 /* Storyboard.storyboard */; };
		88CFD0821BE06B870079D130 /* CustomViewController.m in Sources */ = {isa = PBXBuildFile; fileRef = 88CFD0811BE06B870079D130 /* CustomViewController.m */; };
		88CFD0861BE0C68D0079D130 /* MapkitViewController.m in Sources */ = {isa = PBXBuildFile; fileRef = 88CFD0851BE0C68D0079D130 /* MapkitViewController.m */; };
		88D21D861BD72D0C005BB8E9 /* ProDelegateFirstViewController.m in Sources */ = {isa = PBXBuildFile; fileRef = 88D21D851BD72D0C005BB8E9 /* ProDelegateFirstViewController.m */; };
		88D21D891BD72D2F005BB8E9 /* ProDelegateSecondViewController.m in Sources */ = {isa = PBXBuildFile; fileRef = 88D21D881BD72D2F005BB8E9 /* ProDelegateSecondViewController.m */; };
		88D3E7B91BFCBA21003193CB /* QRCodeViewController.m in Sources */ = {isa = PBXBuildFile; fileRef = 88D3E7B81BFCBA21003193CB /* QRCodeViewController.m */; };
		88E9E0FA1C1EB059001F2832 /* NSDate+WZPExtension.m in Sources */ = {isa = PBXBuildFile; fileRef = 88E9E0F91C1EB059001F2832 /* NSDate+WZPExtension.m */; };
		88F78ADA1C055E4800E787E8 /* CATransition+QNTransition.m in Sources */ = {isa = PBXBuildFile; fileRef = 88F78ACB1C055E4800E787E8 /* CATransition+QNTransition.m */; };
		88F78ADB1C055E4800E787E8 /* MBProgressHUD+GGHud.m in Sources */ = {isa = PBXBuildFile; fileRef = 88F78ACD1C055E4800E787E8 /* MBProgressHUD+GGHud.m */; };
		88F78ADC1C055E4800E787E8 /* NSDictionary+CLExtenstion.m in Sources */ = {isa = PBXBuildFile; fileRef = 88F78ACF1C055E4800E787E8 /* NSDictionary+CLExtenstion.m */; };
		88F78ADD1C055E4800E787E8 /* NSError+QNExtension.m in Sources */ = {isa = PBXBuildFile; fileRef = 88F78AD11C055E4800E787E8 /* NSError+QNExtension.m */; };
		88F78ADE1C055E4800E787E8 /* NSString+CLExtention.m in Sources */ = {isa = PBXBuildFile; fileRef = 88F78AD31C055E4800E787E8 /* NSString+CLExtention.m */; };
		88F78ADF1C055E4800E787E8 /* UIBarButtonItem+CLExtenstion.m in Sources */ = {isa = PBXBuildFile; fileRef = 88F78AD51C055E4800E787E8 /* UIBarButtonItem+CLExtenstion.m */; };
		88F78AE01C055E4800E787E8 /* UIDevice+QNExtension.m in Sources */ = {isa = PBXBuildFile; fileRef = 88F78AD71C055E4800E787E8 /* UIDevice+QNExtension.m */; };
		88F78AE11C055E4800E787E8 /* UIImage+CLExtenstion.m in Sources */ = {isa = PBXBuildFile; fileRef = 88F78AD91C055E4800E787E8 /* UIImage+CLExtenstion.m */; };
		88F78AF11C05D7F200E787E8 /* ImageViewVC.m in Sources */ = {isa = PBXBuildFile; fileRef = 88F78AF01C05D7F200E787E8 /* ImageViewVC.m */; };
		88F78AF51C05D88400E787E8 /* CommonModel.m in Sources */ = {isa = PBXBuildFile; fileRef = 88F78AF41C05D88400E787E8 /* CommonModel.m */; };
/* End PBXBuildFile section */

/* Begin PBXContainerItemProxy section */
		88C10E951BA65AB700E1D0E8 /* PBXContainerItemProxy */ = {
			isa = PBXContainerItemProxy;
			containerPortal = 88C10E731BA65AB700E1D0E8 /* Project object */;
			proxyType = 1;
			remoteGlobalIDString = 88C10E7A1BA65AB700E1D0E8;
			remoteInfo = MyTemplate;
		};
/* End PBXContainerItemProxy section */

/* Begin PBXFileReference section */
		0442254637E7E9A47F8ECD9A /* Pods.release.xcconfig */ = {isa = PBXFileReference; includeInIndex = 1; lastKnownFileType = text.xcconfig; name = Pods.release.xcconfig; path = "Pods/Target Support Files/Pods/Pods.release.xcconfig"; sourceTree = "<group>"; };
		04CC08DC1C216DE592307910 /* Pods-MyTemplate.debug.xcconfig */ = {isa = PBXFileReference; includeInIndex = 1; lastKnownFileType = text.xcconfig; name = "Pods-MyTemplate.debug.xcconfig"; path = "Pods/Target Support Files/Pods-MyTemplate/Pods-MyTemplate.debug.xcconfig"; sourceTree = "<group>"; };
		88207F941BCF8CAC00C3B3A0 /* BaseVC.h */ = {isa = PBXFileReference; fileEncoding = 4; lastKnownFileType = sourcecode.c.h; path = BaseVC.h; sourceTree = "<group>"; };
		88207F951BCF8CAC00C3B3A0 /* BaseVC.m */ = {isa = PBXFileReference; fileEncoding = 4; lastKnownFileType = sourcecode.c.objc; path = BaseVC.m; sourceTree = "<group>"; };
		883873261C2B97E60038C9D5 /* RSAEncryptor.h */ = {isa = PBXFileReference; fileEncoding = 4; lastKnownFileType = sourcecode.c.h; path = RSAEncryptor.h; sourceTree = "<group>"; };
		883873271C2B97E60038C9D5 /* RSAEncryptor.m */ = {isa = PBXFileReference; fileEncoding = 4; lastKnownFileType = sourcecode.c.objc; path = RSAEncryptor.m; sourceTree = "<group>"; };
		883873291C2B985C0038C9D5 /* QNSecurity.h */ = {isa = PBXFileReference; fileEncoding = 4; lastKnownFileType = sourcecode.c.h; path = QNSecurity.h; sourceTree = "<group>"; };
		8838732A1C2B985C0038C9D5 /* QNSecurity.m */ = {isa = PBXFileReference; fileEncoding = 4; lastKnownFileType = sourcecode.c.objc; path = QNSecurity.m; sourceTree = "<group>"; };
		8838732C1C2B98990038C9D5 /* AESEncryptor.h */ = {isa = PBXFileReference; fileEncoding = 4; lastKnownFileType = sourcecode.c.h; path = AESEncryptor.h; sourceTree = "<group>"; };
		8838732D1C2B98990038C9D5 /* AESEncryptor.m */ = {isa = PBXFileReference; fileEncoding = 4; lastKnownFileType = sourcecode.c.objc; path = AESEncryptor.m; sourceTree = "<group>"; };
		8838732F1C2BF0F80038C9D5 /* private_key1024.p12 */ = {isa = PBXFileReference; lastKnownFileType = file; path = private_key1024.p12; sourceTree = "<group>"; };
		883873301C2BF0F80038C9D5 /* public_key1024.der */ = {isa = PBXFileReference; lastKnownFileType = file; path = public_key1024.der; sourceTree = "<group>"; };
		883873351C2BF72D0038C9D5 /* private_key512.p12 */ = {isa = PBXFileReference; lastKnownFileType = file; path = private_key512.p12; sourceTree = "<group>"; };
		883873361C2BF72D0038C9D5 /* public_key512.der */ = {isa = PBXFileReference; lastKnownFileType = file; path = public_key512.der; sourceTree = "<group>"; };
		883873391C2BF8610038C9D5 /* private_key2048.p12 */ = {isa = PBXFileReference; lastKnownFileType = file; path = private_key2048.p12; sourceTree = "<group>"; };
		8838733A1C2BF8610038C9D5 /* public_key2048.der */ = {isa = PBXFileReference; lastKnownFileType = file; path = public_key2048.der; sourceTree = "<group>"; };
		883892541C0E8B0B000A9DDD /* UIView+WZPSeparator.h */ = {isa = PBXFileReference; fileEncoding = 4; lastKnownFileType = sourcecode.c.h; path = "UIView+WZPSeparator.h"; sourceTree = "<group>"; };
		883892551C0E8B0B000A9DDD /* UIView+WZPSeparator.m */ = {isa = PBXFileReference; fileEncoding = 4; lastKnownFileType = sourcecode.c.objc; path = "UIView+WZPSeparator.m"; sourceTree = "<group>"; };
		883B10F51C01F1CC00F57CBD /* RichTextViewController.h */ = {isa = PBXFileReference; fileEncoding = 4; lastKnownFileType = sourcecode.c.h; path = RichTextViewController.h; sourceTree = "<group>"; };
		883B10F61C01F1CC00F57CBD /* RichTextViewController.m */ = {isa = PBXFileReference; fileEncoding = 4; lastKnownFileType = sourcecode.c.objc; path = RichTextViewController.m; sourceTree = "<group>"; };
		883D92AD1C2AA54F008A1915 /* NSData+Base64.h */ = {isa = PBXFileReference; fileEncoding = 4; lastKnownFileType = sourcecode.c.h; path = "NSData+Base64.h"; sourceTree = "<group>"; };
		883D92AE1C2AA54F008A1915 /* NSData+Base64.m */ = {isa = PBXFileReference; fileEncoding = 4; lastKnownFileType = sourcecode.c.objc; path = "NSData+Base64.m"; sourceTree = "<group>"; };
		8843FADE1BDA230900066628 /* TextSizeCaculateViewController.h */ = {isa = PBXFileReference; fileEncoding = 4; lastKnownFileType = sourcecode.c.h; path = TextSizeCaculateViewController.h; sourceTree = "<group>"; };
		8843FADF1BDA230900066628 /* TextSizeCaculateViewController.m */ = {isa = PBXFileReference; fileEncoding = 4; lastKnownFileType = sourcecode.c.objc; path = TextSizeCaculateViewController.m; sourceTree = "<group>"; };
		88471A371BE9959200E35EA2 /* FileManageViewController.h */ = {isa = PBXFileReference; fileEncoding = 4; lastKnownFileType = sourcecode.c.h; path = FileManageViewController.h; sourceTree = "<group>"; };
		88471A381BE9959200E35EA2 /* FileManageViewController.m */ = {isa = PBXFileReference; fileEncoding = 4; lastKnownFileType = sourcecode.c.objc; path = FileManageViewController.m; sourceTree = "<group>"; };
		884739591C21437100078E2D /* HelloOC_a.h */ = {isa = PBXFileReference; fileEncoding = 4; lastKnownFileType = sourcecode.c.h; path = HelloOC_a.h; sourceTree = "<group>"; };
		8847395A1C21437100078E2D /* libHelloOC_a.a */ = {isa = PBXFileReference; lastKnownFileType = archive.ar; path = libHelloOC_a.a; sourceTree = "<group>"; };
		8847395C1C2149EC00078E2D /* NSData+AES.h */ = {isa = PBXFileReference; fileEncoding = 4; lastKnownFileType = sourcecode.c.h; path = "NSData+AES.h"; sourceTree = "<group>"; };
		8847395D1C2149EC00078E2D /* NSData+AES.m */ = {isa = PBXFileReference; fileEncoding = 4; lastKnownFileType = sourcecode.c.objc; path = "NSData+AES.m"; sourceTree = "<group>"; };
		8847395F1C214A0D00078E2D /* NSString+AES.h */ = {isa = PBXFileReference; fileEncoding = 4; lastKnownFileType = sourcecode.c.h; path = "NSString+AES.h"; sourceTree = "<group>"; };
		884739601C214A0D00078E2D /* NSString+AES.m */ = {isa = PBXFileReference; fileEncoding = 4; lastKnownFileType = sourcecode.c.objc; path = "NSString+AES.m"; sourceTree = "<group>"; };
		884739631C214D6200078E2D /* DataSecurityVC.h */ = {isa = PBXFileReference; fileEncoding = 4; lastKnownFileType = sourcecode.c.h; path = DataSecurityVC.h; sourceTree = "<group>"; };
		884739641C214D6200078E2D /* DataSecurityVC.m */ = {isa = PBXFileReference; fileEncoding = 4; lastKnownFileType = sourcecode.c.objc; path = DataSecurityVC.m; sourceTree = "<group>"; };
		884739681C2153AA00078E2D /* personcenter.storyboard */ = {isa = PBXFileReference; fileEncoding = 4; lastKnownFileType = file.storyboard; path = personcenter.storyboard; sourceTree = "<group>"; };
		8848D7BF1BF3218500CA4F77 /* MultiThreadViewController.h */ = {isa = PBXFileReference; fileEncoding = 4; lastKnownFileType = sourcecode.c.h; path = MultiThreadViewController.h; sourceTree = "<group>"; };
		8848D7C01BF3218500CA4F77 /* MultiThreadViewController.m */ = {isa = PBXFileReference; fileEncoding = 4; lastKnownFileType = sourcecode.c.objc; path = MultiThreadViewController.m; sourceTree = "<group>"; };
		884DA8BD1BE8B5FA0095FD83 /* DataPersistenceViewController.h */ = {isa = PBXFileReference; fileEncoding = 4; lastKnownFileType = sourcecode.c.h; path = DataPersistenceViewController.h; sourceTree = "<group>"; };
		884DA8BE1BE8B5FA0095FD83 /* DataPersistenceViewController.m */ = {isa = PBXFileReference; fileEncoding = 4; lastKnownFileType = sourcecode.c.objc; path = DataPersistenceViewController.m; sourceTree = "<group>"; };
		885ECF481C1FBC970099F806 /* UIViewController+WZPExtension.h */ = {isa = PBXFileReference; fileEncoding = 4; lastKnownFileType = sourcecode.c.h; path = "UIViewController+WZPExtension.h"; sourceTree = "<group>"; };
		885ECF491C1FBC970099F806 /* UIViewController+WZPExtension.m */ = {isa = PBXFileReference; fileEncoding = 4; lastKnownFileType = sourcecode.c.objc; path = "UIViewController+WZPExtension.m"; sourceTree = "<group>"; };
		885ECF6A1C20031E0099F806 /* Network__AFNetworking.m */ = {isa = PBXFileReference; fileEncoding = 4; lastKnownFileType = sourcecode.c.objc; path = Network__AFNetworking.m; sourceTree = "<group>"; };
		885ECF6B1C20031E0099F806 /* Network__AFNetworking.h */ = {isa = PBXFileReference; fileEncoding = 4; lastKnownFileType = sourcecode.c.h; path = Network__AFNetworking.h; sourceTree = "<group>"; };
		885ECF6C1C20031E0099F806 /* NetworkError__AFNetworking.m */ = {isa = PBXFileReference; fileEncoding = 4; lastKnownFileType = sourcecode.c.objc; path = NetworkError__AFNetworking.m; sourceTree = "<group>"; };
		885ECF721C2004E20099F806 /* NetworkError__AFNetworking.h */ = {isa = PBXFileReference; fileEncoding = 4; lastKnownFileType = sourcecode.c.h; path = NetworkError__AFNetworking.h; sourceTree = "<group>"; };
		8862171B1BE7069A00D32893 /* OCGrammarViewController.h */ = {isa = PBXFileReference; fileEncoding = 4; lastKnownFileType = sourcecode.c.h; path = OCGrammarViewController.h; sourceTree = "<group>"; };
		8862171C1BE7069A00D32893 /* OCGrammarViewController.m */ = {isa = PBXFileReference; fileEncoding = 4; lastKnownFileType = sourcecode.c.objc; path = OCGrammarViewController.m; sourceTree = "<group>"; };
		886A58391C2A4F5E0050B722 /* Security.framework */ = {isa = PBXFileReference; lastKnownFileType = wrapper.framework; name = Security.framework; path = System/Library/Frameworks/Security.framework; sourceTree = SDKROOT; };
		88735D6F1BABFE970080AFB8 /* LoginViewController.h */ = {isa = PBXFileReference; fileEncoding = 4; lastKnownFileType = sourcecode.c.h; path = LoginViewController.h; sourceTree = "<group>"; };
		88735D701BABFE970080AFB8 /* LoginViewController.m */ = {isa = PBXFileReference; fileEncoding = 4; lastKnownFileType = sourcecode.c.objc; path = LoginViewController.m; sourceTree = "<group>"; };
		8885D2D31BD487D90010B6D9 /* BaseCell.h */ = {isa = PBXFileReference; fileEncoding = 4; lastKnownFileType = sourcecode.c.h; path = BaseCell.h; sourceTree = "<group>"; };
		8885D2D41BD487D90010B6D9 /* BaseCell.m */ = {isa = PBXFileReference; fileEncoding = 4; lastKnownFileType = sourcecode.c.objc; path = BaseCell.m; sourceTree = "<group>"; };
		88A907471BAFFE7E00A50224 /* MyGlobalHelper.h */ = {isa = PBXFileReference; fileEncoding = 4; lastKnownFileType = sourcecode.c.h; path = MyGlobalHelper.h; sourceTree = "<group>"; };
		88A907481BAFFE7E00A50224 /* MyGlobalHelper.m */ = {isa = PBXFileReference; fileEncoding = 4; lastKnownFileType = sourcecode.c.objc; path = MyGlobalHelper.m; sourceTree = "<group>"; };
		88BBAC661BFB409100C87E8E /* Info.plist */ = {isa = PBXFileReference; fileEncoding = 4; lastKnownFileType = text.plist.xml; path = Info.plist; sourceTree = "<group>"; };
		88C10E7B1BA65AB700E1D0E8 /* MyTemplate.app */ = {isa = PBXFileReference; explicitFileType = wrapper.application; includeInIndex = 0; path = MyTemplate.app; sourceTree = BUILT_PRODUCTS_DIR; };
		88C10E801BA65AB700E1D0E8 /* main.m */ = {isa = PBXFileReference; lastKnownFileType = sourcecode.c.objc; path = main.m; sourceTree = "<group>"; };
		88C10E821BA65AB700E1D0E8 /* AppDelegate.h */ = {isa = PBXFileReference; lastKnownFileType = sourcecode.c.h; path = AppDelegate.h; sourceTree = "<group>"; };
		88C10E831BA65AB700E1D0E8 /* AppDelegate.m */ = {isa = PBXFileReference; lastKnownFileType = sourcecode.c.objc; path = AppDelegate.m; sourceTree = "<group>"; };
		88C10E8B1BA65AB700E1D0E8 /* Images.xcassets */ = {isa = PBXFileReference; lastKnownFileType = folder.assetcatalog; path = Images.xcassets; sourceTree = "<group>"; };
		88C10E8E1BA65AB700E1D0E8 /* Base */ = {isa = PBXFileReference; lastKnownFileType = file.xib; name = Base; path = Base.lproj/LaunchScreen.xib; sourceTree = "<group>"; };
		88C10E941BA65AB700E1D0E8 /* MyTemplateTests.xctest */ = {isa = PBXFileReference; explicitFileType = wrapper.cfbundle; includeInIndex = 0; path = MyTemplateTests.xctest; sourceTree = BUILT_PRODUCTS_DIR; };
		88C10E991BA65AB700E1D0E8 /* Info.plist */ = {isa = PBXFileReference; lastKnownFileType = text.plist.xml; path = Info.plist; sourceTree = "<group>"; };
		88C10E9A1BA65AB700E1D0E8 /* MyTemplateTests.m */ = {isa = PBXFileReference; lastKnownFileType = sourcecode.c.objc; path = MyTemplateTests.m; sourceTree = "<group>"; };
		88C10EA91BA6649E00E1D0E8 /* AppDefine.h */ = {isa = PBXFileReference; lastKnownFileType = sourcecode.c.h; path = AppDefine.h; sourceTree = "<group>"; };
		88C10EAA1BA664B500E1D0E8 /* AppConfig.h */ = {isa = PBXFileReference; lastKnownFileType = sourcecode.c.h; path = AppConfig.h; sourceTree = "<group>"; };
		88C10EB41BA6A33C00E1D0E8 /* MyPersonCenterViewController.h */ = {isa = PBXFileReference; fileEncoding = 4; lastKnownFileType = sourcecode.c.h; path = MyPersonCenterViewController.h; sourceTree = "<group>"; };
		88C10EB51BA6A33C00E1D0E8 /* MyPersonCenterViewController.m */ = {isa = PBXFileReference; fileEncoding = 4; lastKnownFileType = sourcecode.c.objc; path = MyPersonCenterViewController.m; sourceTree = "<group>"; };
		88C10EB71BA6A3B600E1D0E8 /* MyPersonCenterNavViewController.h */ = {isa = PBXFileReference; fileEncoding = 4; lastKnownFileType = sourcecode.c.h; path = MyPersonCenterNavViewController.h; sourceTree = "<group>"; };
		88C10EB81BA6A3B600E1D0E8 /* MyPersonCenterNavViewController.m */ = {isa = PBXFileReference; fileEncoding = 4; lastKnownFileType = sourcecode.c.objc; path = MyPersonCenterNavViewController.m; sourceTree = "<group>"; };
		88C10EBB1BA6A78B00E1D0E8 /* MyTalksNavViewController.h */ = {isa = PBXFileReference; fileEncoding = 4; lastKnownFileType = sourcecode.c.h; path = MyTalksNavViewController.h; sourceTree = "<group>"; };
		88C10EBC1BA6A78B00E1D0E8 /* MyTalksNavViewController.m */ = {isa = PBXFileReference; fileEncoding = 4; lastKnownFileType = sourcecode.c.objc; path = MyTalksNavViewController.m; sourceTree = "<group>"; };
		88C10EBE1BA6A7B100E1D0E8 /* MyTalksViewController.h */ = {isa = PBXFileReference; fileEncoding = 4; lastKnownFileType = sourcecode.c.h; path = MyTalksViewController.h; sourceTree = "<group>"; };
		88C10EBF1BA6A7B100E1D0E8 /* MyTalksViewController.m */ = {isa = PBXFileReference; fileEncoding = 4; lastKnownFileType = sourcecode.c.objc; path = MyTalksViewController.m; sourceTree = "<group>"; };
		88C10EC11BA6AAF100E1D0E8 /* My-Prefix.pch */ = {isa = PBXFileReference; lastKnownFileType = sourcecode.c.h; path = "My-Prefix.pch"; sourceTree = "<group>"; };
		88CB44E61BD8BF0E009279BD /* ProDelegateSingleton.h */ = {isa = PBXFileReference; fileEncoding = 4; lastKnownFileType = sourcecode.c.h; path = ProDelegateSingleton.h; sourceTree = "<group>"; };
		88CB44E71BD8BF0E009279BD /* ProDelegateSingleton.m */ = {isa = PBXFileReference; fileEncoding = 4; lastKnownFileType = sourcecode.c.objc; path = ProDelegateSingleton.m; sourceTree = "<group>"; };
		88CECFAB1C112CF000994715 /* Storyboard.storyboard */ = {isa = PBXFileReference; fileEncoding = 4; lastKnownFileType = file.storyboard; path = Storyboard.storyboard; sourceTree = "<group>"; };
		88CFD0801BE06B870079D130 /* CustomViewController.h */ = {isa = PBXFileReference; fileEncoding = 4; lastKnownFileType = sourcecode.c.h; path = CustomViewController.h; sourceTree = "<group>"; };
		88CFD0811BE06B870079D130 /* CustomViewController.m */ = {isa = PBXFileReference; fileEncoding = 4; lastKnownFileType = sourcecode.c.objc; path = CustomViewController.m; sourceTree = "<group>"; };
		88CFD0841BE0C68D0079D130 /* MapkitViewController.h */ = {isa = PBXFileReference; fileEncoding = 4; lastKnownFileType = sourcecode.c.h; path = MapkitViewController.h; sourceTree = "<group>"; };
		88CFD0851BE0C68D0079D130 /* MapkitViewController.m */ = {isa = PBXFileReference; fileEncoding = 4; lastKnownFileType = sourcecode.c.objc; path = MapkitViewController.m; sourceTree = "<group>"; };
		88D21D841BD72D0C005BB8E9 /* ProDelegateFirstViewController.h */ = {isa = PBXFileReference; fileEncoding = 4; lastKnownFileType = sourcecode.c.h; path = ProDelegateFirstViewController.h; sourceTree = "<group>"; };
		88D21D851BD72D0C005BB8E9 /* ProDelegateFirstViewController.m */ = {isa = PBXFileReference; fileEncoding = 4; lastKnownFileType = sourcecode.c.objc; path = ProDelegateFirstViewController.m; sourceTree = "<group>"; };
		88D21D871BD72D2F005BB8E9 /* ProDelegateSecondViewController.h */ = {isa = PBXFileReference; fileEncoding = 4; lastKnownFileType = sourcecode.c.h; path = ProDelegateSecondViewController.h; sourceTree = "<group>"; };
		88D21D881BD72D2F005BB8E9 /* ProDelegateSecondViewController.m */ = {isa = PBXFileReference; fileEncoding = 4; lastKnownFileType = sourcecode.c.objc; path = ProDelegateSecondViewController.m; sourceTree = "<group>"; };
		88D3E7B71BFCBA21003193CB /* QRCodeViewController.h */ = {isa = PBXFileReference; fileEncoding = 4; lastKnownFileType = sourcecode.c.h; path = QRCodeViewController.h; sourceTree = "<group>"; };
		88D3E7B81BFCBA21003193CB /* QRCodeViewController.m */ = {isa = PBXFileReference; fileEncoding = 4; lastKnownFileType = sourcecode.c.objc; path = QRCodeViewController.m; sourceTree = "<group>"; };
		88E9E0F81C1EB059001F2832 /* NSDate+WZPExtension.h */ = {isa = PBXFileReference; fileEncoding = 4; lastKnownFileType = sourcecode.c.h; path = "NSDate+WZPExtension.h"; sourceTree = "<group>"; };
		88E9E0F91C1EB059001F2832 /* NSDate+WZPExtension.m */ = {isa = PBXFileReference; fileEncoding = 4; lastKnownFileType = sourcecode.c.objc; path = "NSDate+WZPExtension.m"; sourceTree = "<group>"; };
		88F78ACA1C055E4800E787E8 /* CATransition+QNTransition.h */ = {isa = PBXFileReference; fileEncoding = 4; lastKnownFileType = sourcecode.c.h; path = "CATransition+QNTransition.h"; sourceTree = "<group>"; };
		88F78ACB1C055E4800E787E8 /* CATransition+QNTransition.m */ = {isa = PBXFileReference; fileEncoding = 4; lastKnownFileType = sourcecode.c.objc; path = "CATransition+QNTransition.m"; sourceTree = "<group>"; };
		88F78ACC1C055E4800E787E8 /* MBProgressHUD+GGHud.h */ = {isa = PBXFileReference; fileEncoding = 4; lastKnownFileType = sourcecode.c.h; path = "MBProgressHUD+GGHud.h"; sourceTree = "<group>"; };
		88F78ACD1C055E4800E787E8 /* MBProgressHUD+GGHud.m */ = {isa = PBXFileReference; fileEncoding = 4; lastKnownFileType = sourcecode.c.objc; path = "MBProgressHUD+GGHud.m"; sourceTree = "<group>"; };
		88F78ACE1C055E4800E787E8 /* NSDictionary+CLExtenstion.h */ = {isa = PBXFileReference; fileEncoding = 4; lastKnownFileType = sourcecode.c.h; path = "NSDictionary+CLExtenstion.h"; sourceTree = "<group>"; };
		88F78ACF1C055E4800E787E8 /* NSDictionary+CLExtenstion.m */ = {isa = PBXFileReference; fileEncoding = 4; lastKnownFileType = sourcecode.c.objc; path = "NSDictionary+CLExtenstion.m"; sourceTree = "<group>"; };
		88F78AD01C055E4800E787E8 /* NSError+QNExtension.h */ = {isa = PBXFileReference; fileEncoding = 4; lastKnownFileType = sourcecode.c.h; path = "NSError+QNExtension.h"; sourceTree = "<group>"; };
		88F78AD11C055E4800E787E8 /* NSError+QNExtension.m */ = {isa = PBXFileReference; fileEncoding = 4; lastKnownFileType = sourcecode.c.objc; path = "NSError+QNExtension.m"; sourceTree = "<group>"; };
		88F78AD21C055E4800E787E8 /* NSString+CLExtention.h */ = {isa = PBXFileReference; fileEncoding = 4; lastKnownFileType = sourcecode.c.h; path = "NSString+CLExtention.h"; sourceTree = "<group>"; };
		88F78AD31C055E4800E787E8 /* NSString+CLExtention.m */ = {isa = PBXFileReference; fileEncoding = 4; lastKnownFileType = sourcecode.c.objc; path = "NSString+CLExtention.m"; sourceTree = "<group>"; };
		88F78AD41C055E4800E787E8 /* UIBarButtonItem+CLExtenstion.h */ = {isa = PBXFileReference; fileEncoding = 4; lastKnownFileType = sourcecode.c.h; path = "UIBarButtonItem+CLExtenstion.h"; sourceTree = "<group>"; };
		88F78AD51C055E4800E787E8 /* UIBarButtonItem+CLExtenstion.m */ = {isa = PBXFileReference; fileEncoding = 4; lastKnownFileType = sourcecode.c.objc; path = "UIBarButtonItem+CLExtenstion.m"; sourceTree = "<group>"; };
		88F78AD61C055E4800E787E8 /* UIDevice+QNExtension.h */ = {isa = PBXFileReference; fileEncoding = 4; lastKnownFileType = sourcecode.c.h; path = "UIDevice+QNExtension.h"; sourceTree = "<group>"; };
		88F78AD71C055E4800E787E8 /* UIDevice+QNExtension.m */ = {isa = PBXFileReference; fileEncoding = 4; lastKnownFileType = sourcecode.c.objc; path = "UIDevice+QNExtension.m"; sourceTree = "<group>"; };
		88F78AD81C055E4800E787E8 /* UIImage+CLExtenstion.h */ = {isa = PBXFileReference; fileEncoding = 4; lastKnownFileType = sourcecode.c.h; path = "UIImage+CLExtenstion.h"; sourceTree = "<group>"; };
		88F78AD91C055E4800E787E8 /* UIImage+CLExtenstion.m */ = {isa = PBXFileReference; fileEncoding = 4; lastKnownFileType = sourcecode.c.objc; path = "UIImage+CLExtenstion.m"; sourceTree = "<group>"; };
		88F78AE41C05622400E787E8 /* WzpLog.h */ = {isa = PBXFileReference; lastKnownFileType = sourcecode.c.h; path = WzpLog.h; sourceTree = "<group>"; };
		88F78AE51C0563AF00E787E8 /* WzpColor.h */ = {isa = PBXFileReference; lastKnownFileType = sourcecode.c.h; path = WzpColor.h; sourceTree = "<group>"; };
		88F78AE61C0563FB00E787E8 /* WzpDevice.h */ = {isa = PBXFileReference; lastKnownFileType = sourcecode.c.h; path = WzpDevice.h; sourceTree = "<group>"; };
		88F78AE71C05645B00E787E8 /* WzpFont.h */ = {isa = PBXFileReference; lastKnownFileType = sourcecode.c.h; path = WzpFont.h; sourceTree = "<group>"; };
		88F78AE91C05651900E787E8 /* AppConstant.h */ = {isa = PBXFileReference; lastKnownFileType = sourcecode.c.h; path = AppConstant.h; sourceTree = "<group>"; };
		88F78AEA1C05692C00E787E8 /* WzpSingleton.h */ = {isa = PBXFileReference; lastKnownFileType = sourcecode.c.h; path = WzpSingleton.h; sourceTree = "<group>"; };
		88F78AEF1C05D7F200E787E8 /* ImageViewVC.h */ = {isa = PBXFileReference; fileEncoding = 4; lastKnownFileType = sourcecode.c.h; path = ImageViewVC.h; sourceTree = "<group>"; };
		88F78AF01C05D7F200E787E8 /* ImageViewVC.m */ = {isa = PBXFileReference; fileEncoding = 4; lastKnownFileType = sourcecode.c.objc; path = ImageViewVC.m; sourceTree = "<group>"; };
		88F78AF31C05D88400E787E8 /* CommonModel.h */ = {isa = PBXFileReference; fileEncoding = 4; lastKnownFileType = sourcecode.c.h; path = CommonModel.h; sourceTree = "<group>"; };
		88F78AF41C05D88400E787E8 /* CommonModel.m */ = {isa = PBXFileReference; fileEncoding = 4; lastKnownFileType = sourcecode.c.objc; path = CommonModel.m; sourceTree = "<group>"; };
		B84190E75364927C79568943 /* Pods-MyTemplate.release.xcconfig */ = {isa = PBXFileReference; includeInIndex = 1; lastKnownFileType = text.xcconfig; name = "Pods-MyTemplate.release.xcconfig"; path = "Pods/Target Support Files/Pods-MyTemplate/Pods-MyTemplate.release.xcconfig"; sourceTree = "<group>"; };
		E285C43812B3E4B8CD42A4D6 /* libPods.a */ = {isa = PBXFileReference; explicitFileType = archive.ar; includeInIndex = 0; path = libPods.a; sourceTree = BUILT_PRODUCTS_DIR; };
		E46EE02C02F4C2CFCB69AB25 /* Pods.debug.xcconfig */ = {isa = PBXFileReference; includeInIndex = 1; lastKnownFileType = text.xcconfig; name = Pods.debug.xcconfig; path = "Pods/Target Support Files/Pods/Pods.debug.xcconfig"; sourceTree = "<group>"; };
		F2E7AF75FF6F85FEF3D77B4B /* libPods-MyTemplate.a */ = {isa = PBXFileReference; explicitFileType = archive.ar; includeInIndex = 0; path = "libPods-MyTemplate.a"; sourceTree = BUILT_PRODUCTS_DIR; };
/* End PBXFileReference section */

/* Begin PBXFrameworksBuildPhase section */
		88C10E781BA65AB700E1D0E8 /* Frameworks */ = {
			isa = PBXFrameworksBuildPhase;
			buildActionMask = 2147483647;
			files = (
				886A583A1C2A4F5E0050B722 /* Security.framework in Frameworks */,
				8847395B1C21437100078E2D /* libHelloOC_a.a in Frameworks */,
				233FF178749BB2822714D140 /* libPods.a in Frameworks */,
			);
			runOnlyForDeploymentPostprocessing = 0;
		};
		88C10E911BA65AB700E1D0E8 /* Frameworks */ = {
			isa = PBXFrameworksBuildPhase;
			buildActionMask = 2147483647;
			files = (
			);
			runOnlyForDeploymentPostprocessing = 0;
		};
/* End PBXFrameworksBuildPhase section */

/* Begin PBXGroup section */
		110C7C664F0C9315DA91A4EB /* Pods */ = {
			isa = PBXGroup;
			children = (
				E46EE02C02F4C2CFCB69AB25 /* Pods.debug.xcconfig */,
				0442254637E7E9A47F8ECD9A /* Pods.release.xcconfig */,
				04CC08DC1C216DE592307910 /* Pods-MyTemplate.debug.xcconfig */,
				B84190E75364927C79568943 /* Pods-MyTemplate.release.xcconfig */,
			);
			name = Pods;
			sourceTree = "<group>";
		};
		6AFA7B53AE68155EAD9A5787 /* Frameworks */ = {
			isa = PBXGroup;
			children = (
				886A58391C2A4F5E0050B722 /* Security.framework */,
				E285C43812B3E4B8CD42A4D6 /* libPods.a */,
				F2E7AF75FF6F85FEF3D77B4B /* libPods-MyTemplate.a */,
			);
			name = Frameworks;
			sourceTree = "<group>";
		};
		881192381C2AAAB5009A0888 /* Resources */ = {
			isa = PBXGroup;
			children = (
				881192391C2AAAB5009A0888 /* rsaKey */,
			);
			path = Resources;
			sourceTree = "<group>";
		};
		881192391C2AAAB5009A0888 /* rsaKey */ = {
			isa = PBXGroup;
			children = (
				883873391C2BF8610038C9D5 /* private_key2048.p12 */,
				8838733A1C2BF8610038C9D5 /* public_key2048.der */,
				883873351C2BF72D0038C9D5 /* private_key512.p12 */,
				883873361C2BF72D0038C9D5 /* public_key512.der */,
				8838732F1C2BF0F80038C9D5 /* private_key1024.p12 */,
				883873301C2BF0F80038C9D5 /* public_key1024.der */,
			);
			path = rsaKey;
			sourceTree = "<group>";
		};
		883873251C2B97E60038C9D5 /* QNSecuritySDK */ = {
			isa = PBXGroup;
			children = (
				883873261C2B97E60038C9D5 /* RSAEncryptor.h */,
				883873271C2B97E60038C9D5 /* RSAEncryptor.m */,
				883873291C2B985C0038C9D5 /* QNSecurity.h */,
				8838732A1C2B985C0038C9D5 /* QNSecurity.m */,
				8838732C1C2B98990038C9D5 /* AESEncryptor.h */,
				8838732D1C2B98990038C9D5 /* AESEncryptor.m */,
			);
			path = QNSecuritySDK;
			sourceTree = "<group>";
		};
		883B10F41C01F1A300F57CBD /* rich text */ = {
			isa = PBXGroup;
			children = (
				883B10F51C01F1CC00F57CBD /* RichTextViewController.h */,
				883B10F61C01F1CC00F57CBD /* RichTextViewController.m */,
			);
			path = "rich text";
			sourceTree = "<group>";
		};
		8843FADD1BDA22E000066628 /* text_size_caculate */ = {
			isa = PBXGroup;
			children = (
				8843FADE1BDA230900066628 /* TextSizeCaculateViewController.h */,
				8843FADF1BDA230900066628 /* TextSizeCaculateViewController.m */,
			);
			path = text_size_caculate;
			sourceTree = "<group>";
		};
		88471A361BE9957A00E35EA2 /* file manager */ = {
			isa = PBXGroup;
			children = (
				88471A371BE9959200E35EA2 /* FileManageViewController.h */,
				88471A381BE9959200E35EA2 /* FileManageViewController.m */,
			);
			path = "file manager";
			sourceTree = "<group>";
		};
		884739581C21434B00078E2D /* HelloOC_a */ = {
			isa = PBXGroup;
			children = (
				884739591C21437100078E2D /* HelloOC_a.h */,
				8847395A1C21437100078E2D /* libHelloOC_a.a */,
			);
			path = HelloOC_a;
			sourceTree = "<group>";
		};
		884739621C214D1D00078E2D /* data security */ = {
			isa = PBXGroup;
			children = (
				884739631C214D6200078E2D /* DataSecurityVC.h */,
				884739641C214D6200078E2D /* DataSecurityVC.m */,
				883873251C2B97E60038C9D5 /* QNSecuritySDK */,
			);
			path = "data security";
			sourceTree = "<group>";
		};
		8848D7BE1BF3216C00CA4F77 /* multi thread */ = {
			isa = PBXGroup;
			children = (
				8848D7BF1BF3218500CA4F77 /* MultiThreadViewController.h */,
				8848D7C01BF3218500CA4F77 /* MultiThreadViewController.m */,
			);
			path = "multi thread";
			sourceTree = "<group>";
		};
		884DA8BC1BE8B5DB0095FD83 /* data persistence */ = {
			isa = PBXGroup;
			children = (
				884DA8BD1BE8B5FA0095FD83 /* DataPersistenceViewController.h */,
				884DA8BE1BE8B5FA0095FD83 /* DataPersistenceViewController.m */,
			);
			path = "data persistence";
			sourceTree = "<group>";
		};
		885ECF681C20031E0099F806 /* Network__AFNetworking */ = {
			isa = PBXGroup;
			children = (
				885ECF6B1C20031E0099F806 /* Network__AFNetworking.h */,
				885ECF6A1C20031E0099F806 /* Network__AFNetworking.m */,
				885ECF721C2004E20099F806 /* NetworkError__AFNetworking.h */,
				885ECF6C1C20031E0099F806 /* NetworkError__AFNetworking.m */,
			);
			path = Network__AFNetworking;
			sourceTree = "<group>";
		};
		885ECF6D1C20031E0099F806 /* Network__MKNetworkKit */ = {
			isa = PBXGroup;
			children = (
			);
			path = Network__MKNetworkKit;
			sourceTree = "<group>";
		};
		885ECF6E1C20031E0099F806 /* Network__SDWebImage */ = {
			isa = PBXGroup;
			children = (
			);
			path = Network__SDWebImage;
			sourceTree = "<group>";
		};
		885ECF731C20065E0099F806 /* DB */ = {
			isa = PBXGroup;
			children = (
				885ECF741C20071B0099F806 /* DB__fmdb */,
				885ECF751C20071B0099F806 /* DB__SQLitePersistentObjects */,
			);
			path = DB;
			sourceTree = "<group>";
		};
		885ECF741C20071B0099F806 /* DB__fmdb */ = {
			isa = PBXGroup;
			children = (
			);
			path = DB__fmdb;
			sourceTree = "<group>";
		};
		885ECF751C20071B0099F806 /* DB__SQLitePersistentObjects */ = {
			isa = PBXGroup;
			children = (
			);
			path = DB__SQLitePersistentObjects;
			sourceTree = "<group>";
		};
		885ECF761C2007880099F806 /* Lib */ = {
			isa = PBXGroup;
			children = (
				884739581C21434B00078E2D /* HelloOC_a */,
			);
			path = Lib;
			sourceTree = "<group>";
		};
		8862171A1BE7066E00D32893 /* oc grammar */ = {
			isa = PBXGroup;
			children = (
				8862171B1BE7069A00D32893 /* OCGrammarViewController.h */,
				8862171C1BE7069A00D32893 /* OCGrammarViewController.m */,
			);
			path = "oc grammar";
			sourceTree = "<group>";
		};
		88735D6E1BABFE6F0080AFB8 /* UserLogin */ = {
			isa = PBXGroup;
			children = (
				88735D6F1BABFE970080AFB8 /* LoginViewController.h */,
				88735D701BABFE970080AFB8 /* LoginViewController.m */,
			);
			path = UserLogin;
			sourceTree = "<group>";
		};
		88A907431BAFFDAB00A50224 /* Base */ = {
			isa = PBXGroup;
			children = (
				88207F941BCF8CAC00C3B3A0 /* BaseVC.h */,
				88207F951BCF8CAC00C3B3A0 /* BaseVC.m */,
				8885D2D31BD487D90010B6D9 /* BaseCell.h */,
				8885D2D41BD487D90010B6D9 /* BaseCell.m */,
			);
			path = Base;
			sourceTree = "<group>";
		};
		88A907441BAFFDAB00A50224 /* Categories */ = {
			isa = PBXGroup;
			children = (
				883D92AD1C2AA54F008A1915 /* NSData+Base64.h */,
				883D92AE1C2AA54F008A1915 /* NSData+Base64.m */,
				88F78ACA1C055E4800E787E8 /* CATransition+QNTransition.h */,
				88F78ACB1C055E4800E787E8 /* CATransition+QNTransition.m */,
				88F78ACC1C055E4800E787E8 /* MBProgressHUD+GGHud.h */,
				88F78ACD1C055E4800E787E8 /* MBProgressHUD+GGHud.m */,
				88F78ACE1C055E4800E787E8 /* NSDictionary+CLExtenstion.h */,
				88F78ACF1C055E4800E787E8 /* NSDictionary+CLExtenstion.m */,
				88F78AD01C055E4800E787E8 /* NSError+QNExtension.h */,
				88F78AD11C055E4800E787E8 /* NSError+QNExtension.m */,
				88F78AD21C055E4800E787E8 /* NSString+CLExtention.h */,
				88F78AD31C055E4800E787E8 /* NSString+CLExtention.m */,
				88F78AD41C055E4800E787E8 /* UIBarButtonItem+CLExtenstion.h */,
				88F78AD51C055E4800E787E8 /* UIBarButtonItem+CLExtenstion.m */,
				88F78AD61C055E4800E787E8 /* UIDevice+QNExtension.h */,
				88F78AD71C055E4800E787E8 /* UIDevice+QNExtension.m */,
				88F78AD81C055E4800E787E8 /* UIImage+CLExtenstion.h */,
				88F78AD91C055E4800E787E8 /* UIImage+CLExtenstion.m */,
				883892541C0E8B0B000A9DDD /* UIView+WZPSeparator.h */,
				883892551C0E8B0B000A9DDD /* UIView+WZPSeparator.m */,
				88E9E0F81C1EB059001F2832 /* NSDate+WZPExtension.h */,
				88E9E0F91C1EB059001F2832 /* NSDate+WZPExtension.m */,
				885ECF481C1FBC970099F806 /* UIViewController+WZPExtension.h */,
				885ECF491C1FBC970099F806 /* UIViewController+WZPExtension.m */,
				8847395C1C2149EC00078E2D /* NSData+AES.h */,
				8847395D1C2149EC00078E2D /* NSData+AES.m */,
				8847395F1C214A0D00078E2D /* NSString+AES.h */,
				884739601C214A0D00078E2D /* NSString+AES.m */,
			);
			path = Categories;
			sourceTree = "<group>";
		};
		88A907451BAFFDAB00A50224 /* Network */ = {
			isa = PBXGroup;
			children = (
				885ECF681C20031E0099F806 /* Network__AFNetworking */,
				885ECF6D1C20031E0099F806 /* Network__MKNetworkKit */,
				885ECF6E1C20031E0099F806 /* Network__SDWebImage */,
			);
			path = Network;
			sourceTree = "<group>";
		};
		88A907461BAFFDAB00A50224 /* Utils */ = {
			isa = PBXGroup;
			children = (
				88A907471BAFFE7E00A50224 /* MyGlobalHelper.h */,
				88A907481BAFFE7E00A50224 /* MyGlobalHelper.m */,
			);
			path = Utils;
			sourceTree = "<group>";
		};
		88C10E721BA65AB700E1D0E8 = {
			isa = PBXGroup;
			children = (
				88C10E7D1BA65AB700E1D0E8 /* MyTemplate */,
				88C10E971BA65AB700E1D0E8 /* MyTemplateTests */,
				88C10E7C1BA65AB700E1D0E8 /* Products */,
				110C7C664F0C9315DA91A4EB /* Pods */,
				6AFA7B53AE68155EAD9A5787 /* Frameworks */,
			);
			sourceTree = "<group>";
		};
		88C10E7C1BA65AB700E1D0E8 /* Products */ = {
			isa = PBXGroup;
			children = (
				88C10E7B1BA65AB700E1D0E8 /* MyTemplate.app */,
				88C10E941BA65AB700E1D0E8 /* MyTemplateTests.xctest */,
			);
			name = Products;
			sourceTree = "<group>";
		};
		88C10E7D1BA65AB700E1D0E8 /* MyTemplate */ = {
			isa = PBXGroup;
			children = (
				881192381C2AAAB5009A0888 /* Resources */,
				88C10EAA1BA664B500E1D0E8 /* AppConfig.h */,
				88C10EA91BA6649E00E1D0E8 /* AppDefine.h */,
				88C10E821BA65AB700E1D0E8 /* AppDelegate.h */,
				88C10E831BA65AB700E1D0E8 /* AppDelegate.m */,
				88C10E8D1BA65AB700E1D0E8 /* LaunchScreen.xib */,
				88C10EA51BA65D0600E1D0E8 /* Class */,
				88C10EA61BA65D0600E1D0E8 /* Core */,
				885ECF761C2007880099F806 /* Lib */,
				88C10E7E1BA65AB700E1D0E8 /* Supporting Files */,
			);
			path = MyTemplate;
			sourceTree = "<group>";
		};
		88C10E7E1BA65AB700E1D0E8 /* Supporting Files */ = {
			isa = PBXGroup;
			children = (
				88BBAC661BFB409100C87E8E /* Info.plist */,
				88C10E801BA65AB700E1D0E8 /* main.m */,
				88C10E8B1BA65AB700E1D0E8 /* Images.xcassets */,
				88C10EC11BA6AAF100E1D0E8 /* My-Prefix.pch */,
			);
			name = "Supporting Files";
			sourceTree = "<group>";
		};
		88C10E971BA65AB700E1D0E8 /* MyTemplateTests */ = {
			isa = PBXGroup;
			children = (
				88C10E9A1BA65AB700E1D0E8 /* MyTemplateTests.m */,
				88C10E981BA65AB700E1D0E8 /* Supporting Files */,
			);
			path = MyTemplateTests;
			sourceTree = "<group>";
		};
		88C10E981BA65AB700E1D0E8 /* Supporting Files */ = {
			isa = PBXGroup;
			children = (
				88C10E991BA65AB700E1D0E8 /* Info.plist */,
			);
			name = "Supporting Files";
			sourceTree = "<group>";
		};
		88C10EA51BA65D0600E1D0E8 /* Class */ = {
			isa = PBXGroup;
			children = (
				88F78AF21C05D86200E787E8 /* Common */,
				88735D6E1BABFE6F0080AFB8 /* UserLogin */,
				88C10EBA1BA6A73700E1D0E8 /* Talks */,
				88C10EB31BA6A2FD00E1D0E8 /* PersonCenter */,
			);
			path = Class;
			sourceTree = "<group>";
		};
		88C10EA61BA65D0600E1D0E8 /* Core */ = {
			isa = PBXGroup;
			children = (
				885ECF731C20065E0099F806 /* DB */,
				88F78AE21C05615700E787E8 /* Constant */,
				88A907431BAFFDAB00A50224 /* Base */,
				88A907441BAFFDAB00A50224 /* Categories */,
				88A907451BAFFDAB00A50224 /* Network */,
				88A907461BAFFDAB00A50224 /* Utils */,
			);
			path = Core;
			sourceTree = "<group>";
		};
		88C10EB31BA6A2FD00E1D0E8 /* PersonCenter */ = {
			isa = PBXGroup;
			children = (
				884739621C214D1D00078E2D /* data security */,
				88F78AEB1C05D7AB00E787E8 /* imageview */,
				883B10F41C01F1A300F57CBD /* rich text */,
				8848D7BE1BF3216C00CA4F77 /* multi thread */,
				88471A361BE9957A00E35EA2 /* file manager */,
				884DA8BC1BE8B5DB0095FD83 /* data persistence */,
				8862171A1BE7066E00D32893 /* oc grammar */,
				8843FADD1BDA22E000066628 /* text_size_caculate */,
				88D21D831BD72CAC005BB8E9 /* protocol_delegate */,
				88C10EB41BA6A33C00E1D0E8 /* MyPersonCenterViewController.h */,
				88C10EB51BA6A33C00E1D0E8 /* MyPersonCenterViewController.m */,
				88C10EB71BA6A3B600E1D0E8 /* MyPersonCenterNavViewController.h */,
				88C10EB81BA6A3B600E1D0E8 /* MyPersonCenterNavViewController.m */,
				884739681C2153AA00078E2D /* personcenter.storyboard */,
			);
			path = PersonCenter;
			sourceTree = "<group>";
		};
		88C10EBA1BA6A73700E1D0E8 /* Talks */ = {
			isa = PBXGroup;
			children = (
				88D3E7B61BFCBA0B003193CB /* qr_code */,
				88CFD0831BE0C6670079D130 /* mapkit_view */,
				88CFD07F1BE06B540079D130 /* custom_nav_viewcontroller */,
				88C10EBB1BA6A78B00E1D0E8 /* MyTalksNavViewController.h */,
				88C10EBC1BA6A78B00E1D0E8 /* MyTalksNavViewController.m */,
				88C10EBE1BA6A7B100E1D0E8 /* MyTalksViewController.h */,
				88C10EBF1BA6A7B100E1D0E8 /* MyTalksViewController.m */,
				88CECFAB1C112CF000994715 /* Storyboard.storyboard */,
			);
			path = Talks;
			sourceTree = "<group>";
		};
		88CFD07F1BE06B540079D130 /* custom_nav_viewcontroller */ = {
			isa = PBXGroup;
			children = (
				88CFD0801BE06B870079D130 /* CustomViewController.h */,
				88CFD0811BE06B870079D130 /* CustomViewController.m */,
			);
			path = custom_nav_viewcontroller;
			sourceTree = "<group>";
		};
		88CFD0831BE0C6670079D130 /* mapkit_view */ = {
			isa = PBXGroup;
			children = (
				88CFD0841BE0C68D0079D130 /* MapkitViewController.h */,
				88CFD0851BE0C68D0079D130 /* MapkitViewController.m */,
			);
			path = mapkit_view;
			sourceTree = "<group>";
		};
		88D21D831BD72CAC005BB8E9 /* protocol_delegate */ = {
			isa = PBXGroup;
			children = (
				88D21D841BD72D0C005BB8E9 /* ProDelegateFirstViewController.h */,
				88D21D851BD72D0C005BB8E9 /* ProDelegateFirstViewController.m */,
				88D21D871BD72D2F005BB8E9 /* ProDelegateSecondViewController.h */,
				88D21D881BD72D2F005BB8E9 /* ProDelegateSecondViewController.m */,
				88CB44E61BD8BF0E009279BD /* ProDelegateSingleton.h */,
				88CB44E71BD8BF0E009279BD /* ProDelegateSingleton.m */,
			);
			path = protocol_delegate;
			sourceTree = "<group>";
		};
		88D3E7B61BFCBA0B003193CB /* qr_code */ = {
			isa = PBXGroup;
			children = (
				88D3E7B71BFCBA21003193CB /* QRCodeViewController.h */,
				88D3E7B81BFCBA21003193CB /* QRCodeViewController.m */,
			);
			path = qr_code;
			sourceTree = "<group>";
		};
		88F78AE21C05615700E787E8 /* Constant */ = {
			isa = PBXGroup;
			children = (
				88F78AE61C0563FB00E787E8 /* WzpDevice.h */,
				88F78AE41C05622400E787E8 /* WzpLog.h */,
				88F78AE51C0563AF00E787E8 /* WzpColor.h */,
				88F78AE71C05645B00E787E8 /* WzpFont.h */,
				88F78AEA1C05692C00E787E8 /* WzpSingleton.h */,
				88F78AE91C05651900E787E8 /* AppConstant.h */,
			);
			path = Constant;
			sourceTree = "<group>";
		};
		88F78AEB1C05D7AB00E787E8 /* imageview */ = {
			isa = PBXGroup;
			children = (
				88F78AEF1C05D7F200E787E8 /* ImageViewVC.h */,
				88F78AF01C05D7F200E787E8 /* ImageViewVC.m */,
			);
			path = imageview;
			sourceTree = "<group>";
		};
		88F78AF21C05D86200E787E8 /* Common */ = {
			isa = PBXGroup;
			children = (
				88F78AF31C05D88400E787E8 /* CommonModel.h */,
				88F78AF41C05D88400E787E8 /* CommonModel.m */,
			);
			path = Common;
			sourceTree = "<group>";
		};
/* End PBXGroup section */

/* Begin PBXNativeTarget section */
		88C10E7A1BA65AB700E1D0E8 /* MyTemplate */ = {
			isa = PBXNativeTarget;
			buildConfigurationList = 88C10E9E1BA65AB700E1D0E8 /* Build configuration list for PBXNativeTarget "MyTemplate" */;
			buildPhases = (
				88C10E771BA65AB700E1D0E8 /* Sources */,
				88C10E781BA65AB700E1D0E8 /* Frameworks */,
				88C10E791BA65AB700E1D0E8 /* Resources */,
				88CFD07D1BE067980079D130 /* Copy Pods Resources */,
				88CFD07E1BE067ED0079D130 /* Check Pods Manifest.lock */,
				577AB0326C22CAE8BAE734F9 /* Embed Pods Frameworks */,
			);
			buildRules = (
			);
			dependencies = (
			);
			name = MyTemplate;
			productName = MyTemplate;
			productReference = 88C10E7B1BA65AB700E1D0E8 /* MyTemplate.app */;
			productType = "com.apple.product-type.application";
		};
		88C10E931BA65AB700E1D0E8 /* MyTemplateTests */ = {
			isa = PBXNativeTarget;
			buildConfigurationList = 88C10EA11BA65AB700E1D0E8 /* Build configuration list for PBXNativeTarget "MyTemplateTests" */;
			buildPhases = (
				88C10E901BA65AB700E1D0E8 /* Sources */,
				88C10E911BA65AB700E1D0E8 /* Frameworks */,
				88C10E921BA65AB700E1D0E8 /* Resources */,
			);
			buildRules = (
			);
			dependencies = (
				88C10E961BA65AB700E1D0E8 /* PBXTargetDependency */,
			);
			name = MyTemplateTests;
			productName = MyTemplateTests;
			productReference = 88C10E941BA65AB700E1D0E8 /* MyTemplateTests.xctest */;
			productType = "com.apple.product-type.bundle.unit-test";
		};
/* End PBXNativeTarget section */

/* Begin PBXProject section */
		88C10E731BA65AB700E1D0E8 /* Project object */ = {
			isa = PBXProject;
			attributes = {
				LastUpgradeCheck = 0640;
				ORGANIZATIONNAME = wzp;
				TargetAttributes = {
					88C10E7A1BA65AB700E1D0E8 = {
						CreatedOnToolsVersion = 6.4;
						DevelopmentTeam = S3H767DKT8;
					};
					88C10E931BA65AB700E1D0E8 = {
						CreatedOnToolsVersion = 6.4;
						TestTargetID = 88C10E7A1BA65AB700E1D0E8;
					};
				};
			};
			buildConfigurationList = 88C10E761BA65AB700E1D0E8 /* Build configuration list for PBXProject "MyTemplate" */;
			compatibilityVersion = "Xcode 3.2";
			developmentRegion = English;
			hasScannedForEncodings = 0;
			knownRegions = (
				en,
				Base,
			);
			mainGroup = 88C10E721BA65AB700E1D0E8;
			productRefGroup = 88C10E7C1BA65AB700E1D0E8 /* Products */;
			projectDirPath = "";
			projectRoot = "";
			targets = (
				88C10E7A1BA65AB700E1D0E8 /* MyTemplate */,
				88C10E931BA65AB700E1D0E8 /* MyTemplateTests */,
			);
		};
/* End PBXProject section */

/* Begin PBXResourcesBuildPhase section */
		88C10E791BA65AB700E1D0E8 /* Resources */ = {
			isa = PBXResourcesBuildPhase;
			buildActionMask = 2147483647;
			files = (
				883873371C2BF72D0038C9D5 /* private_key512.p12 in Resources */,
				8838733B1C2BF8610038C9D5 /* private_key2048.p12 in Resources */,
				883873381C2BF72D0038C9D5 /* public_key512.der in Resources */,
				8838733C1C2BF8610038C9D5 /* public_key2048.der in Resources */,
				883873331C2BF10A0038C9D5 /* private_key1024.p12 in Resources */,
				883873341C2BF10A0038C9D5 /* public_key1024.der in Resources */,
				88C10E8F1BA65AB700E1D0E8 /* LaunchScreen.xib in Resources */,
				884739691C2153AA00078E2D /* personcenter.storyboard in Resources */,
				88CECFAC1C112CF000994715 /* Storyboard.storyboard in Resources */,
				88C10E8C1BA65AB700E1D0E8 /* Images.xcassets in Resources */,
				88BBAC671BFB409100C87E8E /* Info.plist in Resources */,
			);
			runOnlyForDeploymentPostprocessing = 0;
		};
		88C10E921BA65AB700E1D0E8 /* Resources */ = {
			isa = PBXResourcesBuildPhase;
			buildActionMask = 2147483647;
			files = (
			);
			runOnlyForDeploymentPostprocessing = 0;
		};
/* End PBXResourcesBuildPhase section */

/* Begin PBXShellScriptBuildPhase section */
		577AB0326C22CAE8BAE734F9 /* Embed Pods Frameworks */ = {
			isa = PBXShellScriptBuildPhase;
			buildActionMask = 2147483647;
			files = (
			);
			inputPaths = (
			);
			name = "Embed Pods Frameworks";
			outputPaths = (
			);
			runOnlyForDeploymentPostprocessing = 0;
			shellPath = /bin/sh;
			shellScript = "\"${SRCROOT}/Pods/Target Support Files/Pods/Pods-frameworks.sh\"\n";
			showEnvVarsInLog = 0;
		};
		88CFD07D1BE067980079D130 /* Copy Pods Resources */ = {
			isa = PBXShellScriptBuildPhase;
			buildActionMask = 2147483647;
			files = (
			);
			inputPaths = (
			);
			name = "Copy Pods Resources";
			outputPaths = (
			);
			runOnlyForDeploymentPostprocessing = 0;
			shellPath = /bin/sh;
			shellScript = "\"${SRCROOT}/Pods/Target Support Files/Pods/Pods-resources.sh\"\n";
			showEnvVarsInLog = 0;
		};
		88CFD07E1BE067ED0079D130 /* Check Pods Manifest.lock */ = {
			isa = PBXShellScriptBuildPhase;
			buildActionMask = 2147483647;
			files = (
			);
			inputPaths = (
			);
			name = "Check Pods Manifest.lock";
			outputPaths = (
			);
			runOnlyForDeploymentPostprocessing = 0;
			shellPath = /bin/sh;
			shellScript = "diff \"${PODS_ROOT}/../Podfile.lock\" \"${PODS_ROOT}/Manifest.lock\" > /dev/null\nif [[ $? != 0 ]] ; then\ncat << EOM\nerror: The sandbox is not in sync with the Podfile.lock. Run 'pod install' or update your CocoaPods installation.\nEOM\nexit 1\nfi";
			showEnvVarsInLog = 0;
		};
/* End PBXShellScriptBuildPhase section */

/* Begin PBXSourcesBuildPhase section */
		88C10E771BA65AB700E1D0E8 /* Sources */ = {
			isa = PBXSourcesBuildPhase;
			buildActionMask = 2147483647;
			files = (
				88C10EB61BA6A33C00E1D0E8 /* MyPersonCenterViewController.m in Sources */,
				88C10E841BA65AB700E1D0E8 /* AppDelegate.m in Sources */,
				8847395E1C2149EC00078E2D /* NSData+AES.m in Sources */,
				88F78ADF1C055E4800E787E8 /* UIBarButtonItem+CLExtenstion.m in Sources */,
				88471A391BE9959200E35EA2 /* FileManageViewController.m in Sources */,
				88A907491BAFFE7E00A50224 /* MyGlobalHelper.m in Sources */,
				884739651C214D6200078E2D /* DataSecurityVC.m in Sources */,
				88CFD0821BE06B870079D130 /* CustomViewController.m in Sources */,
				88F78ADD1C055E4800E787E8 /* NSError+QNExtension.m in Sources */,
				88C10EB91BA6A3B600E1D0E8 /* MyPersonCenterNavViewController.m in Sources */,
				8838732E1C2B98990038C9D5 /* AESEncryptor.m in Sources */,
				883873281C2B97E60038C9D5 /* RSAEncryptor.m in Sources */,
				88CFD0861BE0C68D0079D130 /* MapkitViewController.m in Sources */,
				885ECF6F1C20031E0099F806 /* Network__AFNetworking.m in Sources */,
				8848D7C11BF3218500CA4F77 /* MultiThreadViewController.m in Sources */,
				885ECF701C20031E0099F806 /* NetworkError__AFNetworking.m in Sources */,
				88F78AE11C055E4800E787E8 /* UIImage+CLExtenstion.m in Sources */,
				88E9E0FA1C1EB059001F2832 /* NSDate+WZPExtension.m in Sources */,
				88D21D861BD72D0C005BB8E9 /* ProDelegateFirstViewController.m in Sources */,
				884DA8BF1BE8B5FA0095FD83 /* DataPersistenceViewController.m in Sources */,
				883892561C0E8B0B000A9DDD /* UIView+WZPSeparator.m in Sources */,
				88F78AE01C055E4800E787E8 /* UIDevice+QNExtension.m in Sources */,
				88C10E811BA65AB700E1D0E8 /* main.m in Sources */,
				883D92AF1C2AA54F008A1915 /* NSData+Base64.m in Sources */,
				88F78ADA1C055E4800E787E8 /* CATransition+QNTransition.m in Sources */,
				88F78ADC1C055E4800E787E8 /* NSDictionary+CLExtenstion.m in Sources */,
				885ECF4A1C1FBC970099F806 /* UIViewController+WZPExtension.m in Sources */,
				88F78AF11C05D7F200E787E8 /* ImageViewVC.m in Sources */,
				88D21D891BD72D2F005BB8E9 /* ProDelegateSecondViewController.m in Sources */,
				883B10F71C01F1CC00F57CBD /* RichTextViewController.m in Sources */,
				8843FAE01BDA230900066628 /* TextSizeCaculateViewController.m in Sources */,
				8862171D1BE7069A00D32893 /* OCGrammarViewController.m in Sources */,
				884739611C214A0D00078E2D /* NSString+AES.m in Sources */,
				88F78ADE1C055E4800E787E8 /* NSString+CLExtention.m in Sources */,
				88F78ADB1C055E4800E787E8 /* MBProgressHUD+GGHud.m in Sources */,
				8885D2D51BD487D90010B6D9 /* BaseCell.m in Sources */,
				88CB44E81BD8BF0E009279BD /* ProDelegateSingleton.m in Sources */,
				88735D711BABFE970080AFB8 /* LoginViewController.m in Sources */,
				8838732B1C2B985C0038C9D5 /* QNSecurity.m in Sources */,
				88D3E7B91BFCBA21003193CB /* QRCodeViewController.m in Sources */,
				88C10EC01BA6A7B100E1D0E8 /* MyTalksViewController.m in Sources */,
				88C10EBD1BA6A78B00E1D0E8 /* MyTalksNavViewController.m in Sources */,
				88207F961BCF8CAC00C3B3A0 /* BaseVC.m in Sources */,
				88F78AF51C05D88400E787E8 /* CommonModel.m in Sources */,
			);
			runOnlyForDeploymentPostprocessing = 0;
		};
		88C10E901BA65AB700E1D0E8 /* Sources */ = {
			isa = PBXSourcesBuildPhase;
			buildActionMask = 2147483647;
			files = (
				88C10E9B1BA65AB700E1D0E8 /* MyTemplateTests.m in Sources */,
			);
			runOnlyForDeploymentPostprocessing = 0;
		};
/* End PBXSourcesBuildPhase section */

/* Begin PBXTargetDependency section */
		88C10E961BA65AB700E1D0E8 /* PBXTargetDependency */ = {
			isa = PBXTargetDependency;
			target = 88C10E7A1BA65AB700E1D0E8 /* MyTemplate */;
			targetProxy = 88C10E951BA65AB700E1D0E8 /* PBXContainerItemProxy */;
		};
/* End PBXTargetDependency section */

/* Begin PBXVariantGroup section */
		88C10E8D1BA65AB700E1D0E8 /* LaunchScreen.xib */ = {
			isa = PBXVariantGroup;
			children = (
				88C10E8E1BA65AB700E1D0E8 /* Base */,
			);
			name = LaunchScreen.xib;
			sourceTree = "<group>";
		};
/* End PBXVariantGroup section */

/* Begin XCBuildConfiguration section */
		88C10E9C1BA65AB700E1D0E8 /* Debug */ = {
			isa = XCBuildConfiguration;
			buildSettings = {
				ALWAYS_SEARCH_USER_PATHS = NO;
				CLANG_CXX_LANGUAGE_STANDARD = "gnu++0x";
				CLANG_CXX_LIBRARY = "libc++";
				CLANG_ENABLE_MODULES = YES;
				CLANG_ENABLE_OBJC_ARC = YES;
				CLANG_WARN_BOOL_CONVERSION = YES;
				CLANG_WARN_CONSTANT_CONVERSION = YES;
				CLANG_WARN_DIRECT_OBJC_ISA_USAGE = YES_ERROR;
				CLANG_WARN_EMPTY_BODY = YES;
				CLANG_WARN_ENUM_CONVERSION = YES;
				CLANG_WARN_INT_CONVERSION = YES;
				CLANG_WARN_OBJC_ROOT_CLASS = YES_ERROR;
				CLANG_WARN_UNREACHABLE_CODE = YES;
				CLANG_WARN__DUPLICATE_METHOD_MATCH = YES;
				"CODE_SIGN_IDENTITY[sdk=iphoneos*]" = "iPhone Developer";
				COPY_PHASE_STRIP = NO;
				DEBUG_INFORMATION_FORMAT = "dwarf-with-dsym";
				ENABLE_STRICT_OBJC_MSGSEND = YES;
				GCC_C_LANGUAGE_STANDARD = gnu99;
				GCC_DYNAMIC_NO_PIC = NO;
				GCC_NO_COMMON_BLOCKS = YES;
				GCC_OPTIMIZATION_LEVEL = 0;
				GCC_PREPROCESSOR_DEFINITIONS = (
					"DEBUG=1",
					"$(inherited)",
				);
				GCC_SYMBOLS_PRIVATE_EXTERN = NO;
				GCC_WARN_64_TO_32_BIT_CONVERSION = YES;
				GCC_WARN_ABOUT_RETURN_TYPE = YES_ERROR;
				GCC_WARN_UNDECLARED_SELECTOR = YES;
				GCC_WARN_UNINITIALIZED_AUTOS = YES_AGGRESSIVE;
				GCC_WARN_UNUSED_FUNCTION = YES;
				GCC_WARN_UNUSED_VARIABLE = YES;
				IPHONEOS_DEPLOYMENT_TARGET = 8.0;
				MTL_ENABLE_DEBUG_INFO = YES;
				ONLY_ACTIVE_ARCH = YES;
				PRODUCT_BUNDLE_IDENTIFIER = "";
				PRODUCT_NAME = "";
				SDKROOT = iphoneos;
				TARGETED_DEVICE_FAMILY = "1,2";
			};
			name = Debug;
		};
		88C10E9D1BA65AB700E1D0E8 /* Release */ = {
			isa = XCBuildConfiguration;
			buildSettings = {
				ALWAYS_SEARCH_USER_PATHS = NO;
				CLANG_CXX_LANGUAGE_STANDARD = "gnu++0x";
				CLANG_CXX_LIBRARY = "libc++";
				CLANG_ENABLE_MODULES = YES;
				CLANG_ENABLE_OBJC_ARC = YES;
				CLANG_WARN_BOOL_CONVERSION = YES;
				CLANG_WARN_CONSTANT_CONVERSION = YES;
				CLANG_WARN_DIRECT_OBJC_ISA_USAGE = YES_ERROR;
				CLANG_WARN_EMPTY_BODY = YES;
				CLANG_WARN_ENUM_CONVERSION = YES;
				CLANG_WARN_INT_CONVERSION = YES;
				CLANG_WARN_OBJC_ROOT_CLASS = YES_ERROR;
				CLANG_WARN_UNREACHABLE_CODE = YES;
				CLANG_WARN__DUPLICATE_METHOD_MATCH = YES;
				"CODE_SIGN_IDENTITY[sdk=iphoneos*]" = "iPhone Developer";
				COPY_PHASE_STRIP = NO;
				DEBUG_INFORMATION_FORMAT = "dwarf-with-dsym";
				ENABLE_NS_ASSERTIONS = NO;
				ENABLE_STRICT_OBJC_MSGSEND = YES;
				GCC_C_LANGUAGE_STANDARD = gnu99;
				GCC_NO_COMMON_BLOCKS = YES;
				GCC_WARN_64_TO_32_BIT_CONVERSION = YES;
				GCC_WARN_ABOUT_RETURN_TYPE = YES_ERROR;
				GCC_WARN_UNDECLARED_SELECTOR = YES;
				GCC_WARN_UNINITIALIZED_AUTOS = YES_AGGRESSIVE;
				GCC_WARN_UNUSED_FUNCTION = YES;
				GCC_WARN_UNUSED_VARIABLE = YES;
				IPHONEOS_DEPLOYMENT_TARGET = 8.0;
				MTL_ENABLE_DEBUG_INFO = NO;
				PRODUCT_BUNDLE_IDENTIFIER = "";
				PRODUCT_NAME = "";
				SDKROOT = iphoneos;
				TARGETED_DEVICE_FAMILY = "1,2";
				VALIDATE_PRODUCT = YES;
			};
			name = Release;
		};
		88C10E9F1BA65AB700E1D0E8 /* Debug */ = {
			isa = XCBuildConfiguration;
			baseConfigurationReference = E46EE02C02F4C2CFCB69AB25 /* Pods.debug.xcconfig */;
			buildSettings = {
				ASSETCATALOG_COMPILER_APPICON_NAME = AppIcon;
				CODE_SIGN_IDENTITY = "iPhone Developer";
				ENABLE_BITCODE = NO;
				GCC_PREFIX_HEADER = "MyTemplate/My-Prefix.pch";
				INFOPLIST_FILE = MyTemplate/Info.plist;
				LD_RUNPATH_SEARCH_PATHS = "$(inherited) @executable_path/Frameworks";
				LIBRARY_SEARCH_PATHS = (
					"$(inherited)",
					"$(PROJECT_DIR)/MyTemplate/Lib/HelloOC_a",
				);
				OTHER_LDFLAGS = (
					"$(inherited)",
					"-ObjC",
					"-l\"AFNetworking\"",
					"-l\"ActionSheetPicker-3.0\"",
					"-l\"CocoaLumberjack\"",
					"-l\"DACircularProgress\"",
					"-l\"MBProgressHUD\"",
					"-l\"MWPhotoBrowser\"",
					"-l\"Masonry\"",
					"-l\"SDWebImage\"",
					"-l\"SSKeychain\"",
					"-framework",
					"\"AssetsLibrary\"",
					"-framework",
					"\"CoreGraphics\"",
					"-framework",
					"\"Foundation\"",
					"-framework",
					"\"ImageIO\"",
					"-framework",
					"\"MediaPlayer\"",
					"-framework",
					"\"MobileCoreServices\"",
					"-framework",
					"\"QuartzCore\"",
					"-framework",
					"\"Security\"",
					"-framework",
					"\"SystemConfiguration\"",
					"-framework",
					"\"UIKit\"",
					"-weak_framework",
					"\"Photos\"",
				);
				PRODUCT_BUNDLE_IDENTIFIER = com.wzp1.MyTemplate;
				PRODUCT_NAME = "$(TARGET_NAME)";
			};
			name = Debug;
		};
		88C10EA01BA65AB700E1D0E8 /* Release */ = {
			isa = XCBuildConfiguration;
			baseConfigurationReference = 0442254637E7E9A47F8ECD9A /* Pods.release.xcconfig */;
			buildSettings = {
				ASSETCATALOG_COMPILER_APPICON_NAME = AppIcon;
				CODE_SIGN_IDENTITY = "iPhone Developer";
				ENABLE_BITCODE = NO;
				GCC_PREFIX_HEADER = "MyTemplate/My-Prefix.pch";
				INFOPLIST_FILE = MyTemplate/Info.plist;
				LD_RUNPATH_SEARCH_PATHS = "$(inherited) @executable_path/Frameworks";
				LIBRARY_SEARCH_PATHS = (
					"$(inherited)",
					"$(PROJECT_DIR)/MyTemplate/Lib/HelloOC_a",
				);
				OTHER_LDFLAGS = (
					"$(inherited)",
					"-ObjC",
					"-l\"AFNetworking\"",
					"-l\"ActionSheetPicker-3.0\"",
					"-l\"CocoaLumberjack\"",
					"-l\"DACircularProgress\"",
					"-l\"MBProgressHUD\"",
					"-l\"MWPhotoBrowser\"",
					"-l\"Masonry\"",
					"-l\"SDWebImage\"",
					"-l\"SSKeychain\"",
					"-framework",
					"\"AssetsLibrary\"",
					"-framework",
					"\"CoreGraphics\"",
					"-framework",
					"\"Foundation\"",
					"-framework",
					"\"ImageIO\"",
					"-framework",
					"\"MediaPlayer\"",
					"-framework",
					"\"MobileCoreServices\"",
					"-framework",
					"\"QuartzCore\"",
					"-framework",
					"\"Security\"",
					"-framework",
					"\"SystemConfiguration\"",
					"-framework",
					"\"UIKit\"",
					"-weak_framework",
					"\"Photos\"",
				);
				PRODUCT_BUNDLE_IDENTIFIER = com.wzp1.MyTemplate;
				PRODUCT_NAME = "$(TARGET_NAME)";
			};
			name = Release;
		};
		88C10EA21BA65AB700E1D0E8 /* Debug */ = {
			isa = XCBuildConfiguration;
			buildSettings = {
				BUNDLE_LOADER = "$(TEST_HOST)";
				FRAMEWORK_SEARCH_PATHS = (
					"$(SDKROOT)/Developer/Library/Frameworks",
					"$(inherited)",
				);
				GCC_PREPROCESSOR_DEFINITIONS = (
					"DEBUG=1",
					"$(inherited)",
				);
				INFOPLIST_FILE = MyTemplateTests/Info.plist;
				LD_RUNPATH_SEARCH_PATHS = "$(inherited) @executable_path/Frameworks @loader_path/Frameworks";
				PRODUCT_NAME = "$(TARGET_NAME)";
				TEST_HOST = "$(BUILT_PRODUCTS_DIR)/MyTemplate.app/MyTemplate";
			};
			name = Debug;
		};
		88C10EA31BA65AB700E1D0E8 /* Release */ = {
			isa = XCBuildConfiguration;
			buildSettings = {
				BUNDLE_LOADER = "$(TEST_HOST)";
				FRAMEWORK_SEARCH_PATHS = (
					"$(SDKROOT)/Developer/Library/Frameworks",
					"$(inherited)",
				);
				INFOPLIST_FILE = MyTemplateTests/Info.plist;
				LD_RUNPATH_SEARCH_PATHS = "$(inherited) @executable_path/Frameworks @loader_path/Frameworks";
				PRODUCT_NAME = "$(TARGET_NAME)";
				TEST_HOST = "$(BUILT_PRODUCTS_DIR)/MyTemplate.app/MyTemplate";
			};
			name = Release;
		};
/* End XCBuildConfiguration section */

/* Begin XCConfigurationList section */
		88C10E761BA65AB700E1D0E8 /* Build configuration list for PBXProject "MyTemplate" */ = {
			isa = XCConfigurationList;
			buildConfigurations = (
				88C10E9C1BA65AB700E1D0E8 /* Debug */,
				88C10E9D1BA65AB700E1D0E8 /* Release */,
			);
			defaultConfigurationIsVisible = 0;
			defaultConfigurationName = Release;
		};
		88C10E9E1BA65AB700E1D0E8 /* Build configuration list for PBXNativeTarget "MyTemplate" */ = {
			isa = XCConfigurationList;
			buildConfigurations = (
				88C10E9F1BA65AB700E1D0E8 /* Debug */,
				88C10EA01BA65AB700E1D0E8 /* Release */,
			);
			defaultConfigurationIsVisible = 0;
			defaultConfigurationName = Release;
		};
		88C10EA11BA65AB700E1D0E8 /* Build configuration list for PBXNativeTarget "MyTemplateTests" */ = {
			isa = XCConfigurationList;
			buildConfigurations = (
				88C10EA21BA65AB700E1D0E8 /* Debug */,
				88C10EA31BA65AB700E1D0E8 /* Release */,
			);
			defaultConfigurationIsVisible = 0;
			defaultConfigurationName = Release;
		};
/* End XCConfigurationList section */
	};
	rootObject = 88C10E731BA65AB700E1D0E8 /* Project object */;
}
