// !$*UTF8*$!
{
	archiveVersion = 1;
	classes = {
	};
	objectVersion = 46;
	objects = {

/* Begin PBXBuildFile section */
		233FF178749BB2822714D140 /* libPods.a in Frameworks */ = {isa = PBXBuildFile; fileRef = E285C43812B3E4B8CD42A4D6 /* libPods.a */; };
		88207F961BCF8CAC00C3B3A0 /* MyBaseViewController.m in Sources */ = {isa = PBXBuildFile; fileRef = 88207F951BCF8CAC00C3B3A0 /* MyBaseViewController.m */; };
		883CBD0D1BB5264C009CF223 /* MyOperateTipsHelper.m in Sources */ = {isa = PBXBuildFile; fileRef = 883CBD0C1BB5264C009CF223 /* MyOperateTipsHelper.m */; };
		8843FAE01BDA230900066628 /* TextSizeCaculateViewController.m in Sources */ = {isa = PBXBuildFile; fileRef = 8843FADF1BDA230900066628 /* TextSizeCaculateViewController.m */; };
		88735D711BABFE970080AFB8 /* LoginViewController.m in Sources */ = {isa = PBXBuildFile; fileRef = 88735D701BABFE970080AFB8 /* LoginViewController.m */; };
		8885D2C91BD481370010B6D9 /* MASCompositeConstraint.m in Sources */ = {isa = PBXBuildFile; fileRef = 8885D2B01BD481370010B6D9 /* MASCompositeConstraint.m */; };
		8885D2CA1BD481370010B6D9 /* MASConstraint.m in Sources */ = {isa = PBXBuildFile; fileRef = 8885D2B31BD481370010B6D9 /* MASConstraint.m */; };
		8885D2CB1BD481370010B6D9 /* MASConstraintMaker.m in Sources */ = {isa = PBXBuildFile; fileRef = 8885D2B51BD481370010B6D9 /* MASConstraintMaker.m */; };
		8885D2CC1BD481370010B6D9 /* MASLayoutConstraint.m in Sources */ = {isa = PBXBuildFile; fileRef = 8885D2B71BD481370010B6D9 /* MASLayoutConstraint.m */; };
		8885D2CD1BD481370010B6D9 /* MASViewAttribute.m in Sources */ = {isa = PBXBuildFile; fileRef = 8885D2BB1BD481370010B6D9 /* MASViewAttribute.m */; };
		8885D2CE1BD481370010B6D9 /* MASViewConstraint.m in Sources */ = {isa = PBXBuildFile; fileRef = 8885D2BD1BD481370010B6D9 /* MASViewConstraint.m */; };
		8885D2CF1BD481370010B6D9 /* NSArray+MASAdditions.m in Sources */ = {isa = PBXBuildFile; fileRef = 8885D2BF1BD481370010B6D9 /* NSArray+MASAdditions.m */; };
		8885D2D01BD481370010B6D9 /* NSLayoutConstraint+MASDebugAdditions.m in Sources */ = {isa = PBXBuildFile; fileRef = 8885D2C21BD481370010B6D9 /* NSLayoutConstraint+MASDebugAdditions.m */; };
		8885D2D11BD481370010B6D9 /* View+MASAdditions.m in Sources */ = {isa = PBXBuildFile; fileRef = 8885D2C41BD481370010B6D9 /* View+MASAdditions.m */; };
		8885D2D21BD481370010B6D9 /* ViewController+MASAdditions.m in Sources */ = {isa = PBXBuildFile; fileRef = 8885D2C71BD481370010B6D9 /* ViewController+MASAdditions.m */; };
		8885D2D51BD487D90010B6D9 /* MyTableViewCell.m in Sources */ = {isa = PBXBuildFile; fileRef = 8885D2D41BD487D90010B6D9 /* MyTableViewCell.m */; };
		88A907491BAFFE7E00A50224 /* MyGlobalHelper.m in Sources */ = {isa = PBXBuildFile; fileRef = 88A907481BAFFE7E00A50224 /* MyGlobalHelper.m */; };
		88A9074C1BB001C900A50224 /* MyMessageHelper.m in Sources */ = {isa = PBXBuildFile; fileRef = 88A9074B1BB001C900A50224 /* MyMessageHelper.m */; };
		88C10E811BA65AB700E1D0E8 /* main.m in Sources */ = {isa = PBXBuildFile; fileRef = 88C10E801BA65AB700E1D0E8 /* main.m */; };
		88C10E841BA65AB700E1D0E8 /* AppDelegate.m in Sources */ = {isa = PBXBuildFile; fileRef = 88C10E831BA65AB700E1D0E8 /* AppDelegate.m */; };
		88C10E8C1BA65AB700E1D0E8 /* Images.xcassets in Resources */ = {isa = PBXBuildFile; fileRef = 88C10E8B1BA65AB700E1D0E8 /* Images.xcassets */; };
		88C10E8F1BA65AB700E1D0E8 /* LaunchScreen.xib in Resources */ = {isa = PBXBuildFile; fileRef = 88C10E8D1BA65AB700E1D0E8 /* LaunchScreen.xib */; };
		88C10E9B1BA65AB700E1D0E8 /* MyTemplateTests.m in Sources */ = {isa = PBXBuildFile; fileRef = 88C10E9A1BA65AB700E1D0E8 /* MyTemplateTests.m */; };
		88C10EB61BA6A33C00E1D0E8 /* MyPersonCenterViewController.m in Sources */ = {isa = PBXBuildFile; fileRef = 88C10EB51BA6A33C00E1D0E8 /* MyPersonCenterViewController.m */; };
		88C10EB91BA6A3B600E1D0E8 /* MyPersonCenterNavViewController.m in Sources */ = {isa = PBXBuildFile; fileRef = 88C10EB81BA6A3B600E1D0E8 /* MyPersonCenterNavViewController.m */; };
		88C10EBD1BA6A78B00E1D0E8 /* MyTalksNavViewController.m in Sources */ = {isa = PBXBuildFile; fileRef = 88C10EBC1BA6A78B00E1D0E8 /* MyTalksNavViewController.m */; };
		88C10EC01BA6A7B100E1D0E8 /* MyTalksViewController.m in Sources */ = {isa = PBXBuildFile; fileRef = 88C10EBF1BA6A7B100E1D0E8 /* MyTalksViewController.m */; };
		88CB44E81BD8BF0E009279BD /* ProDelegateSingleton.m in Sources */ = {isa = PBXBuildFile; fileRef = 88CB44E71BD8BF0E009279BD /* ProDelegateSingleton.m */; };
		88D21D861BD72D0C005BB8E9 /* ProDelegateFirstViewController.m in Sources */ = {isa = PBXBuildFile; fileRef = 88D21D851BD72D0C005BB8E9 /* ProDelegateFirstViewController.m */; };
		88D21D891BD72D2F005BB8E9 /* ProDelegateSecondViewController.m in Sources */ = {isa = PBXBuildFile; fileRef = 88D21D881BD72D2F005BB8E9 /* ProDelegateSecondViewController.m */; };
		88D4DBA11BDF1EAD0068BE2F /* CustomNetworkError_AFNetworking.m in Sources */ = {isa = PBXBuildFile; fileRef = 88D4DBA01BDF1EAD0068BE2F /* CustomNetworkError_AFNetworking.m */; };
		88D4DBA41BDF1EEC0068BE2F /* CustomNetworkEngine_AFNetworking.m in Sources */ = {isa = PBXBuildFile; fileRef = 88D4DBA31BDF1EEC0068BE2F /* CustomNetworkEngine_AFNetworking.m */; };
		BB5DE01D347A29B04CE945DA /* libPods-MyTemplate.a in Frameworks */ = {isa = PBXBuildFile; fileRef = F2E7AF75FF6F85FEF3D77B4B /* libPods-MyTemplate.a */; };
/* End PBXBuildFile section */

/* Begin PBXContainerItemProxy section */
		88C10E951BA65AB700E1D0E8 /* PBXContainerItemProxy */ = {
			isa = PBXContainerItemProxy;
			containerPortal = 88C10E731BA65AB700E1D0E8 /* Project object */;
			proxyType = 1;
			remoteGlobalIDString = 88C10E7A1BA65AB700E1D0E8;
			remoteInfo = MyTemplate;
		};
/* End PBXContainerItemProxy section */

/* Begin PBXFileReference section */
		0442254637E7E9A47F8ECD9A /* Pods.release.xcconfig */ = {isa = PBXFileReference; includeInIndex = 1; lastKnownFileType = text.xcconfig; name = Pods.release.xcconfig; path = "Pods/Target Support Files/Pods/Pods.release.xcconfig"; sourceTree = "<group>"; };
		04CC08DC1C216DE592307910 /* Pods-MyTemplate.debug.xcconfig */ = {isa = PBXFileReference; includeInIndex = 1; lastKnownFileType = text.xcconfig; name = "Pods-MyTemplate.debug.xcconfig"; path = "Pods/Target Support Files/Pods-MyTemplate/Pods-MyTemplate.debug.xcconfig"; sourceTree = "<group>"; };
		88207F941BCF8CAC00C3B3A0 /* MyBaseViewController.h */ = {isa = PBXFileReference; fileEncoding = 4; lastKnownFileType = sourcecode.c.h; path = MyBaseViewController.h; sourceTree = "<group>"; };
		88207F951BCF8CAC00C3B3A0 /* MyBaseViewController.m */ = {isa = PBXFileReference; fileEncoding = 4; lastKnownFileType = sourcecode.c.objc; path = MyBaseViewController.m; sourceTree = "<group>"; };
		883CBD0B1BB5264C009CF223 /* MyOperateTipsHelper.h */ = {isa = PBXFileReference; fileEncoding = 4; lastKnownFileType = sourcecode.c.h; path = MyOperateTipsHelper.h; sourceTree = "<group>"; };
		883CBD0C1BB5264C009CF223 /* MyOperateTipsHelper.m */ = {isa = PBXFileReference; fileEncoding = 4; lastKnownFileType = sourcecode.c.objc; path = MyOperateTipsHelper.m; sourceTree = "<group>"; };
		8843FADE1BDA230900066628 /* TextSizeCaculateViewController.h */ = {isa = PBXFileReference; fileEncoding = 4; lastKnownFileType = sourcecode.c.h; path = TextSizeCaculateViewController.h; sourceTree = "<group>"; };
		8843FADF1BDA230900066628 /* TextSizeCaculateViewController.m */ = {isa = PBXFileReference; fileEncoding = 4; lastKnownFileType = sourcecode.c.objc; path = TextSizeCaculateViewController.m; sourceTree = "<group>"; };
		88735D6F1BABFE970080AFB8 /* LoginViewController.h */ = {isa = PBXFileReference; fileEncoding = 4; lastKnownFileType = sourcecode.c.h; path = LoginViewController.h; sourceTree = "<group>"; };
		88735D701BABFE970080AFB8 /* LoginViewController.m */ = {isa = PBXFileReference; fileEncoding = 4; lastKnownFileType = sourcecode.c.objc; path = LoginViewController.m; sourceTree = "<group>"; };
		8885D2AF1BD481370010B6D9 /* MASCompositeConstraint.h */ = {isa = PBXFileReference; fileEncoding = 4; lastKnownFileType = sourcecode.c.h; path = MASCompositeConstraint.h; sourceTree = "<group>"; };
		8885D2B01BD481370010B6D9 /* MASCompositeConstraint.m */ = {isa = PBXFileReference; fileEncoding = 4; lastKnownFileType = sourcecode.c.objc; path = MASCompositeConstraint.m; sourceTree = "<group>"; };
		8885D2B11BD481370010B6D9 /* MASConstraint+Private.h */ = {isa = PBXFileReference; fileEncoding = 4; lastKnownFileType = sourcecode.c.h; path = "MASConstraint+Private.h"; sourceTree = "<group>"; };
		8885D2B21BD481370010B6D9 /* MASConstraint.h */ = {isa = PBXFileReference; fileEncoding = 4; lastKnownFileType = sourcecode.c.h; path = MASConstraint.h; sourceTree = "<group>"; };
		8885D2B31BD481370010B6D9 /* MASConstraint.m */ = {isa = PBXFileReference; fileEncoding = 4; lastKnownFileType = sourcecode.c.objc; path = MASConstraint.m; sourceTree = "<group>"; };
		8885D2B41BD481370010B6D9 /* MASConstraintMaker.h */ = {isa = PBXFileReference; fileEncoding = 4; lastKnownFileType = sourcecode.c.h; path = MASConstraintMaker.h; sourceTree = "<group>"; };
		8885D2B51BD481370010B6D9 /* MASConstraintMaker.m */ = {isa = PBXFileReference; fileEncoding = 4; lastKnownFileType = sourcecode.c.objc; path = MASConstraintMaker.m; sourceTree = "<group>"; };
		8885D2B61BD481370010B6D9 /* MASLayoutConstraint.h */ = {isa = PBXFileReference; fileEncoding = 4; lastKnownFileType = sourcecode.c.h; path = MASLayoutConstraint.h; sourceTree = "<group>"; };
		8885D2B71BD481370010B6D9 /* MASLayoutConstraint.m */ = {isa = PBXFileReference; fileEncoding = 4; lastKnownFileType = sourcecode.c.objc; path = MASLayoutConstraint.m; sourceTree = "<group>"; };
		8885D2B81BD481370010B6D9 /* Masonry.h */ = {isa = PBXFileReference; fileEncoding = 4; lastKnownFileType = sourcecode.c.h; path = Masonry.h; sourceTree = "<group>"; };
		8885D2B91BD481370010B6D9 /* MASUtilities.h */ = {isa = PBXFileReference; fileEncoding = 4; lastKnownFileType = sourcecode.c.h; path = MASUtilities.h; sourceTree = "<group>"; };
		8885D2BA1BD481370010B6D9 /* MASViewAttribute.h */ = {isa = PBXFileReference; fileEncoding = 4; lastKnownFileType = sourcecode.c.h; path = MASViewAttribute.h; sourceTree = "<group>"; };
		8885D2BB1BD481370010B6D9 /* MASViewAttribute.m */ = {isa = PBXFileReference; fileEncoding = 4; lastKnownFileType = sourcecode.c.objc; path = MASViewAttribute.m; sourceTree = "<group>"; };
		8885D2BC1BD481370010B6D9 /* MASViewConstraint.h */ = {isa = PBXFileReference; fileEncoding = 4; lastKnownFileType = sourcecode.c.h; path = MASViewConstraint.h; sourceTree = "<group>"; };
		8885D2BD1BD481370010B6D9 /* MASViewConstraint.m */ = {isa = PBXFileReference; fileEncoding = 4; lastKnownFileType = sourcecode.c.objc; path = MASViewConstraint.m; sourceTree = "<group>"; };
		8885D2BE1BD481370010B6D9 /* NSArray+MASAdditions.h */ = {isa = PBXFileReference; fileEncoding = 4; lastKnownFileType = sourcecode.c.h; path = "NSArray+MASAdditions.h"; sourceTree = "<group>"; };
		8885D2BF1BD481370010B6D9 /* NSArray+MASAdditions.m */ = {isa = PBXFileReference; fileEncoding = 4; lastKnownFileType = sourcecode.c.objc; path = "NSArray+MASAdditions.m"; sourceTree = "<group>"; };
		8885D2C01BD481370010B6D9 /* NSArray+MASShorthandAdditions.h */ = {isa = PBXFileReference; fileEncoding = 4; lastKnownFileType = sourcecode.c.h; path = "NSArray+MASShorthandAdditions.h"; sourceTree = "<group>"; };
		8885D2C11BD481370010B6D9 /* NSLayoutConstraint+MASDebugAdditions.h */ = {isa = PBXFileReference; fileEncoding = 4; lastKnownFileType = sourcecode.c.h; path = "NSLayoutConstraint+MASDebugAdditions.h"; sourceTree = "<group>"; };
		8885D2C21BD481370010B6D9 /* NSLayoutConstraint+MASDebugAdditions.m */ = {isa = PBXFileReference; fileEncoding = 4; lastKnownFileType = sourcecode.c.objc; path = "NSLayoutConstraint+MASDebugAdditions.m"; sourceTree = "<group>"; };
		8885D2C31BD481370010B6D9 /* View+MASAdditions.h */ = {isa = PBXFileReference; fileEncoding = 4; lastKnownFileType = sourcecode.c.h; path = "View+MASAdditions.h"; sourceTree = "<group>"; };
		8885D2C41BD481370010B6D9 /* View+MASAdditions.m */ = {isa = PBXFileReference; fileEncoding = 4; lastKnownFileType = sourcecode.c.objc; path = "View+MASAdditions.m"; sourceTree = "<group>"; };
		8885D2C51BD481370010B6D9 /* View+MASShorthandAdditions.h */ = {isa = PBXFileReference; fileEncoding = 4; lastKnownFileType = sourcecode.c.h; path = "View+MASShorthandAdditions.h"; sourceTree = "<group>"; };
		8885D2C61BD481370010B6D9 /* ViewController+MASAdditions.h */ = {isa = PBXFileReference; fileEncoding = 4; lastKnownFileType = sourcecode.c.h; path = "ViewController+MASAdditions.h"; sourceTree = "<group>"; };
		8885D2C71BD481370010B6D9 /* ViewController+MASAdditions.m */ = {isa = PBXFileReference; fileEncoding = 4; lastKnownFileType = sourcecode.c.objc; path = "ViewController+MASAdditions.m"; sourceTree = "<group>"; };
		8885D2D31BD487D90010B6D9 /* MyTableViewCell.h */ = {isa = PBXFileReference; fileEncoding = 4; lastKnownFileType = sourcecode.c.h; path = MyTableViewCell.h; sourceTree = "<group>"; };
		8885D2D41BD487D90010B6D9 /* MyTableViewCell.m */ = {isa = PBXFileReference; fileEncoding = 4; lastKnownFileType = sourcecode.c.objc; path = MyTableViewCell.m; sourceTree = "<group>"; };
		88A907471BAFFE7E00A50224 /* MyGlobalHelper.h */ = {isa = PBXFileReference; fileEncoding = 4; lastKnownFileType = sourcecode.c.h; path = MyGlobalHelper.h; sourceTree = "<group>"; };
		88A907481BAFFE7E00A50224 /* MyGlobalHelper.m */ = {isa = PBXFileReference; fileEncoding = 4; lastKnownFileType = sourcecode.c.objc; path = MyGlobalHelper.m; sourceTree = "<group>"; };
		88A9074A1BB001C900A50224 /* MyMessageHelper.h */ = {isa = PBXFileReference; fileEncoding = 4; lastKnownFileType = sourcecode.c.h; path = MyMessageHelper.h; sourceTree = "<group>"; };
		88A9074B1BB001C900A50224 /* MyMessageHelper.m */ = {isa = PBXFileReference; fileEncoding = 4; lastKnownFileType = sourcecode.c.objc; path = MyMessageHelper.m; sourceTree = "<group>"; };
		88C10E7B1BA65AB700E1D0E8 /* MyTemplate.app */ = {isa = PBXFileReference; explicitFileType = wrapper.application; includeInIndex = 0; path = MyTemplate.app; sourceTree = BUILT_PRODUCTS_DIR; };
		88C10E801BA65AB700E1D0E8 /* main.m */ = {isa = PBXFileReference; lastKnownFileType = sourcecode.c.objc; path = main.m; sourceTree = "<group>"; };
		88C10E821BA65AB700E1D0E8 /* AppDelegate.h */ = {isa = PBXFileReference; lastKnownFileType = sourcecode.c.h; path = AppDelegate.h; sourceTree = "<group>"; };
		88C10E831BA65AB700E1D0E8 /* AppDelegate.m */ = {isa = PBXFileReference; lastKnownFileType = sourcecode.c.objc; path = AppDelegate.m; sourceTree = "<group>"; };
		88C10E8B1BA65AB700E1D0E8 /* Images.xcassets */ = {isa = PBXFileReference; lastKnownFileType = folder.assetcatalog; path = Images.xcassets; sourceTree = "<group>"; };
		88C10E8E1BA65AB700E1D0E8 /* Base */ = {isa = PBXFileReference; lastKnownFileType = file.xib; name = Base; path = Base.lproj/LaunchScreen.xib; sourceTree = "<group>"; };
		88C10E941BA65AB700E1D0E8 /* MyTemplateTests.xctest */ = {isa = PBXFileReference; explicitFileType = wrapper.cfbundle; includeInIndex = 0; path = MyTemplateTests.xctest; sourceTree = BUILT_PRODUCTS_DIR; };
		88C10E991BA65AB700E1D0E8 /* Info.plist */ = {isa = PBXFileReference; lastKnownFileType = text.plist.xml; path = Info.plist; sourceTree = "<group>"; };
		88C10E9A1BA65AB700E1D0E8 /* MyTemplateTests.m */ = {isa = PBXFileReference; lastKnownFileType = sourcecode.c.objc; path = MyTemplateTests.m; sourceTree = "<group>"; };
		88C10EA91BA6649E00E1D0E8 /* AppDefine.h */ = {isa = PBXFileReference; lastKnownFileType = sourcecode.c.h; path = AppDefine.h; sourceTree = "<group>"; };
		88C10EAA1BA664B500E1D0E8 /* AppConfig.h */ = {isa = PBXFileReference; lastKnownFileType = sourcecode.c.h; path = AppConfig.h; sourceTree = "<group>"; };
		88C10EB41BA6A33C00E1D0E8 /* MyPersonCenterViewController.h */ = {isa = PBXFileReference; fileEncoding = 4; lastKnownFileType = sourcecode.c.h; path = MyPersonCenterViewController.h; sourceTree = "<group>"; };
		88C10EB51BA6A33C00E1D0E8 /* MyPersonCenterViewController.m */ = {isa = PBXFileReference; fileEncoding = 4; lastKnownFileType = sourcecode.c.objc; path = MyPersonCenterViewController.m; sourceTree = "<group>"; };
		88C10EB71BA6A3B600E1D0E8 /* MyPersonCenterNavViewController.h */ = {isa = PBXFileReference; fileEncoding = 4; lastKnownFileType = sourcecode.c.h; path = MyPersonCenterNavViewController.h; sourceTree = "<group>"; };
		88C10EB81BA6A3B600E1D0E8 /* MyPersonCenterNavViewController.m */ = {isa = PBXFileReference; fileEncoding = 4; lastKnownFileType = sourcecode.c.objc; path = MyPersonCenterNavViewController.m; sourceTree = "<group>"; };
		88C10EBB1BA6A78B00E1D0E8 /* MyTalksNavViewController.h */ = {isa = PBXFileReference; fileEncoding = 4; lastKnownFileType = sourcecode.c.h; path = MyTalksNavViewController.h; sourceTree = "<group>"; };
		88C10EBC1BA6A78B00E1D0E8 /* MyTalksNavViewController.m */ = {isa = PBXFileReference; fileEncoding = 4; lastKnownFileType = sourcecode.c.objc; path = MyTalksNavViewController.m; sourceTree = "<group>"; };
		88C10EBE1BA6A7B100E1D0E8 /* MyTalksViewController.h */ = {isa = PBXFileReference; fileEncoding = 4; lastKnownFileType = sourcecode.c.h; path = MyTalksViewController.h; sourceTree = "<group>"; };
		88C10EBF1BA6A7B100E1D0E8 /* MyTalksViewController.m */ = {isa = PBXFileReference; fileEncoding = 4; lastKnownFileType = sourcecode.c.objc; path = MyTalksViewController.m; sourceTree = "<group>"; };
		88C10EC11BA6AAF100E1D0E8 /* My-Prefix.pch */ = {isa = PBXFileReference; lastKnownFileType = sourcecode.c.h; path = "My-Prefix.pch"; sourceTree = "<group>"; };
		88CB44E61BD8BF0E009279BD /* ProDelegateSingleton.h */ = {isa = PBXFileReference; fileEncoding = 4; lastKnownFileType = sourcecode.c.h; path = ProDelegateSingleton.h; sourceTree = "<group>"; };
		88CB44E71BD8BF0E009279BD /* ProDelegateSingleton.m */ = {isa = PBXFileReference; fileEncoding = 4; lastKnownFileType = sourcecode.c.objc; path = ProDelegateSingleton.m; sourceTree = "<group>"; };
		88D21D841BD72D0C005BB8E9 /* ProDelegateFirstViewController.h */ = {isa = PBXFileReference; fileEncoding = 4; lastKnownFileType = sourcecode.c.h; path = ProDelegateFirstViewController.h; sourceTree = "<group>"; };
		88D21D851BD72D0C005BB8E9 /* ProDelegateFirstViewController.m */ = {isa = PBXFileReference; fileEncoding = 4; lastKnownFileType = sourcecode.c.objc; path = ProDelegateFirstViewController.m; sourceTree = "<group>"; };
		88D21D871BD72D2F005BB8E9 /* ProDelegateSecondViewController.h */ = {isa = PBXFileReference; fileEncoding = 4; lastKnownFileType = sourcecode.c.h; path = ProDelegateSecondViewController.h; sourceTree = "<group>"; };
		88D21D881BD72D2F005BB8E9 /* ProDelegateSecondViewController.m */ = {isa = PBXFileReference; fileEncoding = 4; lastKnownFileType = sourcecode.c.objc; path = ProDelegateSecondViewController.m; sourceTree = "<group>"; };
		88D4DB9F1BDF1EAD0068BE2F /* CustomNetworkError_AFNetworking.h */ = {isa = PBXFileReference; fileEncoding = 4; lastKnownFileType = sourcecode.c.h; path = CustomNetworkError_AFNetworking.h; sourceTree = "<group>"; };
		88D4DBA01BDF1EAD0068BE2F /* CustomNetworkError_AFNetworking.m */ = {isa = PBXFileReference; fileEncoding = 4; lastKnownFileType = sourcecode.c.objc; path = CustomNetworkError_AFNetworking.m; sourceTree = "<group>"; };
		88D4DBA21BDF1EEC0068BE2F /* CustomNetworkEngine_AFNetworking.h */ = {isa = PBXFileReference; fileEncoding = 4; lastKnownFileType = sourcecode.c.h; path = CustomNetworkEngine_AFNetworking.h; sourceTree = "<group>"; };
		88D4DBA31BDF1EEC0068BE2F /* CustomNetworkEngine_AFNetworking.m */ = {isa = PBXFileReference; fileEncoding = 4; lastKnownFileType = sourcecode.c.objc; path = CustomNetworkEngine_AFNetworking.m; sourceTree = "<group>"; };
		B84190E75364927C79568943 /* Pods-MyTemplate.release.xcconfig */ = {isa = PBXFileReference; includeInIndex = 1; lastKnownFileType = text.xcconfig; name = "Pods-MyTemplate.release.xcconfig"; path = "Pods/Target Support Files/Pods-MyTemplate/Pods-MyTemplate.release.xcconfig"; sourceTree = "<group>"; };
		E285C43812B3E4B8CD42A4D6 /* libPods.a */ = {isa = PBXFileReference; explicitFileType = archive.ar; includeInIndex = 0; path = libPods.a; sourceTree = BUILT_PRODUCTS_DIR; };
		E46EE02C02F4C2CFCB69AB25 /* Pods.debug.xcconfig */ = {isa = PBXFileReference; includeInIndex = 1; lastKnownFileType = text.xcconfig; name = Pods.debug.xcconfig; path = "Pods/Target Support Files/Pods/Pods.debug.xcconfig"; sourceTree = "<group>"; };
		F2E7AF75FF6F85FEF3D77B4B /* libPods-MyTemplate.a */ = {isa = PBXFileReference; explicitFileType = archive.ar; includeInIndex = 0; path = "libPods-MyTemplate.a"; sourceTree = BUILT_PRODUCTS_DIR; };
/* End PBXFileReference section */

/* Begin PBXFrameworksBuildPhase section */
		88C10E781BA65AB700E1D0E8 /* Frameworks */ = {
			isa = PBXFrameworksBuildPhase;
			buildActionMask = 2147483647;
			files = (
				233FF178749BB2822714D140 /* libPods.a in Frameworks */,
				BB5DE01D347A29B04CE945DA /* libPods-MyTemplate.a in Frameworks */,
			);
			runOnlyForDeploymentPostprocessing = 0;
		};
		88C10E911BA65AB700E1D0E8 /* Frameworks */ = {
			isa = PBXFrameworksBuildPhase;
			buildActionMask = 2147483647;
			files = (
			);
			runOnlyForDeploymentPostprocessing = 0;
		};
/* End PBXFrameworksBuildPhase section */

/* Begin PBXGroup section */
		110C7C664F0C9315DA91A4EB /* Pods */ = {
			isa = PBXGroup;
			children = (
				E46EE02C02F4C2CFCB69AB25 /* Pods.debug.xcconfig */,
				0442254637E7E9A47F8ECD9A /* Pods.release.xcconfig */,
				04CC08DC1C216DE592307910 /* Pods-MyTemplate.debug.xcconfig */,
				B84190E75364927C79568943 /* Pods-MyTemplate.release.xcconfig */,
			);
			name = Pods;
			sourceTree = "<group>";
		};
		6AFA7B53AE68155EAD9A5787 /* Frameworks */ = {
			isa = PBXGroup;
			children = (
				E285C43812B3E4B8CD42A4D6 /* libPods.a */,
				F2E7AF75FF6F85FEF3D77B4B /* libPods-MyTemplate.a */,
			);
			name = Frameworks;
			sourceTree = "<group>";
		};
		8843FADD1BDA22E000066628 /* text_size_caculate */ = {
			isa = PBXGroup;
			children = (
				8843FADE1BDA230900066628 /* TextSizeCaculateViewController.h */,
				8843FADF1BDA230900066628 /* TextSizeCaculateViewController.m */,
			);
			path = text_size_caculate;
			sourceTree = "<group>";
		};
		88735D6E1BABFE6F0080AFB8 /* UserLogin */ = {
			isa = PBXGroup;
			children = (
				88735D6F1BABFE970080AFB8 /* LoginViewController.h */,
				88735D701BABFE970080AFB8 /* LoginViewController.m */,
			);
			path = UserLogin;
			sourceTree = "<group>";
		};
		8885D2AD1BD481370010B6D9 /* Masonry */ = {
			isa = PBXGroup;
			children = (
				8885D2AF1BD481370010B6D9 /* MASCompositeConstraint.h */,
				8885D2B01BD481370010B6D9 /* MASCompositeConstraint.m */,
				8885D2B11BD481370010B6D9 /* MASConstraint+Private.h */,
				8885D2B21BD481370010B6D9 /* MASConstraint.h */,
				8885D2B31BD481370010B6D9 /* MASConstraint.m */,
				8885D2B41BD481370010B6D9 /* MASConstraintMaker.h */,
				8885D2B51BD481370010B6D9 /* MASConstraintMaker.m */,
				8885D2B61BD481370010B6D9 /* MASLayoutConstraint.h */,
				8885D2B71BD481370010B6D9 /* MASLayoutConstraint.m */,
				8885D2B81BD481370010B6D9 /* Masonry.h */,
				8885D2B91BD481370010B6D9 /* MASUtilities.h */,
				8885D2BA1BD481370010B6D9 /* MASViewAttribute.h */,
				8885D2BB1BD481370010B6D9 /* MASViewAttribute.m */,
				8885D2BC1BD481370010B6D9 /* MASViewConstraint.h */,
				8885D2BD1BD481370010B6D9 /* MASViewConstraint.m */,
				8885D2BE1BD481370010B6D9 /* NSArray+MASAdditions.h */,
				8885D2BF1BD481370010B6D9 /* NSArray+MASAdditions.m */,
				8885D2C01BD481370010B6D9 /* NSArray+MASShorthandAdditions.h */,
				8885D2C11BD481370010B6D9 /* NSLayoutConstraint+MASDebugAdditions.h */,
				8885D2C21BD481370010B6D9 /* NSLayoutConstraint+MASDebugAdditions.m */,
				8885D2C31BD481370010B6D9 /* View+MASAdditions.h */,
				8885D2C41BD481370010B6D9 /* View+MASAdditions.m */,
				8885D2C51BD481370010B6D9 /* View+MASShorthandAdditions.h */,
				8885D2C61BD481370010B6D9 /* ViewController+MASAdditions.h */,
				8885D2C71BD481370010B6D9 /* ViewController+MASAdditions.m */,
			);
			path = Masonry;
			sourceTree = "<group>";
		};
		88A907431BAFFDAB00A50224 /* Base */ = {
			isa = PBXGroup;
			children = (
				88207F941BCF8CAC00C3B3A0 /* MyBaseViewController.h */,
				88207F951BCF8CAC00C3B3A0 /* MyBaseViewController.m */,
				8885D2D31BD487D90010B6D9 /* MyTableViewCell.h */,
				8885D2D41BD487D90010B6D9 /* MyTableViewCell.m */,
			);
			path = Base;
			sourceTree = "<group>";
		};
		88A907441BAFFDAB00A50224 /* Categories */ = {
			isa = PBXGroup;
			children = (
			);
			path = Categories;
			sourceTree = "<group>";
		};
		88A907451BAFFDAB00A50224 /* Network */ = {
			isa = PBXGroup;
			children = (
				88D4DB9D1BDF1DA20068BE2F /* CustomNetworkEngine(AFNetworking) */,
				88D4DB9E1BDF1DA20068BE2F /* CustomNetworkEngine(FMDB) */,
			);
			path = Network;
			sourceTree = "<group>";
		};
		88A907461BAFFDAB00A50224 /* Utils */ = {
			isa = PBXGroup;
			children = (
				88A907471BAFFE7E00A50224 /* MyGlobalHelper.h */,
				88A907481BAFFE7E00A50224 /* MyGlobalHelper.m */,
				88A9074A1BB001C900A50224 /* MyMessageHelper.h */,
				88A9074B1BB001C900A50224 /* MyMessageHelper.m */,
				883CBD0B1BB5264C009CF223 /* MyOperateTipsHelper.h */,
				883CBD0C1BB5264C009CF223 /* MyOperateTipsHelper.m */,
			);
			path = Utils;
			sourceTree = "<group>";
		};
		88C10E721BA65AB700E1D0E8 = {
			isa = PBXGroup;
			children = (
				88C10E7D1BA65AB700E1D0E8 /* MyTemplate */,
				88C10E971BA65AB700E1D0E8 /* MyTemplateTests */,
				88C10E7C1BA65AB700E1D0E8 /* Products */,
				110C7C664F0C9315DA91A4EB /* Pods */,
				6AFA7B53AE68155EAD9A5787 /* Frameworks */,
			);
			sourceTree = "<group>";
		};
		88C10E7C1BA65AB700E1D0E8 /* Products */ = {
			isa = PBXGroup;
			children = (
				88C10E7B1BA65AB700E1D0E8 /* MyTemplate.app */,
				88C10E941BA65AB700E1D0E8 /* MyTemplateTests.xctest */,
			);
			name = Products;
			sourceTree = "<group>";
		};
		88C10E7D1BA65AB700E1D0E8 /* MyTemplate */ = {
			isa = PBXGroup;
			children = (
				88C10EAA1BA664B500E1D0E8 /* AppConfig.h */,
				88C10EA91BA6649E00E1D0E8 /* AppDefine.h */,
				88C10E821BA65AB700E1D0E8 /* AppDelegate.h */,
				88C10E831BA65AB700E1D0E8 /* AppDelegate.m */,
				88C10E8D1BA65AB700E1D0E8 /* LaunchScreen.xib */,
				88C10EA51BA65D0600E1D0E8 /* Class */,
				88C10EA61BA65D0600E1D0E8 /* Core */,
				88C10EA81BA65D0600E1D0E8 /* ThirdParty */,
				88C10E7E1BA65AB700E1D0E8 /* Supporting Files */,
			);
			path = MyTemplate;
			sourceTree = "<group>";
		};
		88C10E7E1BA65AB700E1D0E8 /* Supporting Files */ = {
			isa = PBXGroup;
			children = (
				88C10E801BA65AB700E1D0E8 /* main.m */,
				88C10E8B1BA65AB700E1D0E8 /* Images.xcassets */,
				88C10EC11BA6AAF100E1D0E8 /* My-Prefix.pch */,
			);
			name = "Supporting Files";
			sourceTree = "<group>";
		};
		88C10E971BA65AB700E1D0E8 /* MyTemplateTests */ = {
			isa = PBXGroup;
			children = (
				88C10E9A1BA65AB700E1D0E8 /* MyTemplateTests.m */,
				88C10E981BA65AB700E1D0E8 /* Supporting Files */,
			);
			path = MyTemplateTests;
			sourceTree = "<group>";
		};
		88C10E981BA65AB700E1D0E8 /* Supporting Files */ = {
			isa = PBXGroup;
			children = (
				88C10E991BA65AB700E1D0E8 /* Info.plist */,
			);
			name = "Supporting Files";
			sourceTree = "<group>";
		};
		88C10EA51BA65D0600E1D0E8 /* Class */ = {
			isa = PBXGroup;
			children = (
				88735D6E1BABFE6F0080AFB8 /* UserLogin */,
				88C10EBA1BA6A73700E1D0E8 /* Talks */,
				88C10EB31BA6A2FD00E1D0E8 /* PersonCenter */,
			);
			path = Class;
			sourceTree = "<group>";
		};
		88C10EA61BA65D0600E1D0E8 /* Core */ = {
			isa = PBXGroup;
			children = (
				88A907431BAFFDAB00A50224 /* Base */,
				88A907441BAFFDAB00A50224 /* Categories */,
				88A907451BAFFDAB00A50224 /* Network */,
				88A907461BAFFDAB00A50224 /* Utils */,
			);
			path = Core;
			sourceTree = "<group>";
		};
		88C10EA81BA65D0600E1D0E8 /* ThirdParty */ = {
			isa = PBXGroup;
			children = (
				8885D2AD1BD481370010B6D9 /* Masonry */,
			);
			path = ThirdParty;
			sourceTree = "<group>";
		};
		88C10EB31BA6A2FD00E1D0E8 /* PersonCenter */ = {
			isa = PBXGroup;
			children = (
				8843FADD1BDA22E000066628 /* text_size_caculate */,
				88D21D831BD72CAC005BB8E9 /* protocol_delegate */,
				88C10EB41BA6A33C00E1D0E8 /* MyPersonCenterViewController.h */,
				88C10EB51BA6A33C00E1D0E8 /* MyPersonCenterViewController.m */,
				88C10EB71BA6A3B600E1D0E8 /* MyPersonCenterNavViewController.h */,
				88C10EB81BA6A3B600E1D0E8 /* MyPersonCenterNavViewController.m */,
			);
			path = PersonCenter;
			sourceTree = "<group>";
		};
		88C10EBA1BA6A73700E1D0E8 /* Talks */ = {
			isa = PBXGroup;
			children = (
				88C10EBB1BA6A78B00E1D0E8 /* MyTalksNavViewController.h */,
				88C10EBC1BA6A78B00E1D0E8 /* MyTalksNavViewController.m */,
				88C10EBE1BA6A7B100E1D0E8 /* MyTalksViewController.h */,
				88C10EBF1BA6A7B100E1D0E8 /* MyTalksViewController.m */,
			);
			path = Talks;
			sourceTree = "<group>";
		};
		88D21D831BD72CAC005BB8E9 /* protocol_delegate */ = {
			isa = PBXGroup;
			children = (
				88D21D841BD72D0C005BB8E9 /* ProDelegateFirstViewController.h */,
				88D21D851BD72D0C005BB8E9 /* ProDelegateFirstViewController.m */,
				88D21D871BD72D2F005BB8E9 /* ProDelegateSecondViewController.h */,
				88D21D881BD72D2F005BB8E9 /* ProDelegateSecondViewController.m */,
				88CB44E61BD8BF0E009279BD /* ProDelegateSingleton.h */,
				88CB44E71BD8BF0E009279BD /* ProDelegateSingleton.m */,
			);
			path = protocol_delegate;
			sourceTree = "<group>";
		};
		88D4DB9D1BDF1DA20068BE2F /* CustomNetworkEngine(AFNetworking) */ = {
			isa = PBXGroup;
			children = (
				88D4DB9F1BDF1EAD0068BE2F /* CustomNetworkError_AFNetworking.h */,
				88D4DBA01BDF1EAD0068BE2F /* CustomNetworkError_AFNetworking.m */,
				88D4DBA21BDF1EEC0068BE2F /* CustomNetworkEngine_AFNetworking.h */,
				88D4DBA31BDF1EEC0068BE2F /* CustomNetworkEngine_AFNetworking.m */,
			);
			path = "CustomNetworkEngine(AFNetworking)";
			sourceTree = "<group>";
		};
		88D4DB9E1BDF1DA20068BE2F /* CustomNetworkEngine(FMDB) */ = {
			isa = PBXGroup;
			children = (
			);
			path = "CustomNetworkEngine(FMDB)";
			sourceTree = "<group>";
		};
/* End PBXGroup section */

/* Begin PBXNativeTarget section */
		88C10E7A1BA65AB700E1D0E8 /* MyTemplate */ = {
			isa = PBXNativeTarget;
			buildConfigurationList = 88C10E9E1BA65AB700E1D0E8 /* Build configuration list for PBXNativeTarget "MyTemplate" */;
			buildPhases = (
				88C10E771BA65AB700E1D0E8 /* Sources */,
				88C10E781BA65AB700E1D0E8 /* Frameworks */,
				88C10E791BA65AB700E1D0E8 /* Resources */,
			);
			buildRules = (
			);
			dependencies = (
			);
			name = MyTemplate;
			productName = MyTemplate;
			productReference = 88C10E7B1BA65AB700E1D0E8 /* MyTemplate.app */;
			productType = "com.apple.product-type.application";
		};
		88C10E931BA65AB700E1D0E8 /* MyTemplateTests */ = {
			isa = PBXNativeTarget;
			buildConfigurationList = 88C10EA11BA65AB700E1D0E8 /* Build configuration list for PBXNativeTarget "MyTemplateTests" */;
			buildPhases = (
				88C10E901BA65AB700E1D0E8 /* Sources */,
				88C10E911BA65AB700E1D0E8 /* Frameworks */,
				88C10E921BA65AB700E1D0E8 /* Resources */,
			);
			buildRules = (
			);
			dependencies = (
				88C10E961BA65AB700E1D0E8 /* PBXTargetDependency */,
			);
			name = MyTemplateTests;
			productName = MyTemplateTests;
			productReference = 88C10E941BA65AB700E1D0E8 /* MyTemplateTests.xctest */;
			productType = "com.apple.product-type.bundle.unit-test";
		};
/* End PBXNativeTarget section */

/* Begin PBXProject section */
		88C10E731BA65AB700E1D0E8 /* Project object */ = {
			isa = PBXProject;
			attributes = {
				LastUpgradeCheck = 0640;
				ORGANIZATIONNAME = wzp;
				TargetAttributes = {
					88C10E7A1BA65AB700E1D0E8 = {
						CreatedOnToolsVersion = 6.4;
					};
					88C10E931BA65AB700E1D0E8 = {
						CreatedOnToolsVersion = 6.4;
						TestTargetID = 88C10E7A1BA65AB700E1D0E8;
					};
				};
			};
			buildConfigurationList = 88C10E761BA65AB700E1D0E8 /* Build configuration list for PBXProject "MyTemplate" */;
			compatibilityVersion = "Xcode 3.2";
			developmentRegion = English;
			hasScannedForEncodings = 0;
			knownRegions = (
				en,
				Base,
			);
			mainGroup = 88C10E721BA65AB700E1D0E8;
			productRefGroup = 88C10E7C1BA65AB700E1D0E8 /* Products */;
			projectDirPath = "";
			projectRoot = "";
			targets = (
				88C10E7A1BA65AB700E1D0E8 /* MyTemplate */,
				88C10E931BA65AB700E1D0E8 /* MyTemplateTests */,
			);
		};
/* End PBXProject section */

/* Begin PBXResourcesBuildPhase section */
		88C10E791BA65AB700E1D0E8 /* Resources */ = {
			isa = PBXResourcesBuildPhase;
			buildActionMask = 2147483647;
			files = (
				88C10E8F1BA65AB700E1D0E8 /* LaunchScreen.xib in Resources */,
				88C10E8C1BA65AB700E1D0E8 /* Images.xcassets in Resources */,
			);
			runOnlyForDeploymentPostprocessing = 0;
		};
		88C10E921BA65AB700E1D0E8 /* Resources */ = {
			isa = PBXResourcesBuildPhase;
			buildActionMask = 2147483647;
			files = (
			);
			runOnlyForDeploymentPostprocessing = 0;
		};
/* End PBXResourcesBuildPhase section */

/* Begin PBXSourcesBuildPhase section */
		88C10E771BA65AB700E1D0E8 /* Sources */ = {
			isa = PBXSourcesBuildPhase;
			buildActionMask = 2147483647;
			files = (
				88C10EB61BA6A33C00E1D0E8 /* MyPersonCenterViewController.m in Sources */,
				88C10E841BA65AB700E1D0E8 /* AppDelegate.m in Sources */,
				88A907491BAFFE7E00A50224 /* MyGlobalHelper.m in Sources */,
				883CBD0D1BB5264C009CF223 /* MyOperateTipsHelper.m in Sources */,
				8885D2C91BD481370010B6D9 /* MASCompositeConstraint.m in Sources */,
				88C10EB91BA6A3B600E1D0E8 /* MyPersonCenterNavViewController.m in Sources */,
				88D21D861BD72D0C005BB8E9 /* ProDelegateFirstViewController.m in Sources */,
				8885D2CE1BD481370010B6D9 /* MASViewConstraint.m in Sources */,
				88D4DBA11BDF1EAD0068BE2F /* CustomNetworkError_AFNetworking.m in Sources */,
				88C10E811BA65AB700E1D0E8 /* main.m in Sources */,
				88D4DBA41BDF1EEC0068BE2F /* CustomNetworkEngine_AFNetworking.m in Sources */,
				88D21D891BD72D2F005BB8E9 /* ProDelegateSecondViewController.m in Sources */,
				8843FAE01BDA230900066628 /* TextSizeCaculateViewController.m in Sources */,
				8885D2D11BD481370010B6D9 /* View+MASAdditions.m in Sources */,
				8885D2D01BD481370010B6D9 /* NSLayoutConstraint+MASDebugAdditions.m in Sources */,
				8885D2CC1BD481370010B6D9 /* MASLayoutConstraint.m in Sources */,
				8885D2D51BD487D90010B6D9 /* MyTableViewCell.m in Sources */,
				8885D2D21BD481370010B6D9 /* ViewController+MASAdditions.m in Sources */,
				88CB44E81BD8BF0E009279BD /* ProDelegateSingleton.m in Sources */,
				8885D2CB1BD481370010B6D9 /* MASConstraintMaker.m in Sources */,
				88735D711BABFE970080AFB8 /* LoginViewController.m in Sources */,
				88C10EC01BA6A7B100E1D0E8 /* MyTalksViewController.m in Sources */,
				88C10EBD1BA6A78B00E1D0E8 /* MyTalksNavViewController.m in Sources */,
				88207F961BCF8CAC00C3B3A0 /* MyBaseViewController.m in Sources */,
				8885D2CF1BD481370010B6D9 /* NSArray+MASAdditions.m in Sources */,
				8885D2CD1BD481370010B6D9 /* MASViewAttribute.m in Sources */,
				88A9074C1BB001C900A50224 /* MyMessageHelper.m in Sources */,
				8885D2CA1BD481370010B6D9 /* MASConstraint.m in Sources */,
			);
			runOnlyForDeploymentPostprocessing = 0;
		};
		88C10E901BA65AB700E1D0E8 /* Sources */ = {
			isa = PBXSourcesBuildPhase;
			buildActionMask = 2147483647;
			files = (
				88C10E9B1BA65AB700E1D0E8 /* MyTemplateTests.m in Sources */,
			);
			runOnlyForDeploymentPostprocessing = 0;
		};
/* End PBXSourcesBuildPhase section */

/* Begin PBXTargetDependency section */
		88C10E961BA65AB700E1D0E8 /* PBXTargetDependency */ = {
			isa = PBXTargetDependency;
			target = 88C10E7A1BA65AB700E1D0E8 /* MyTemplate */;
			targetProxy = 88C10E951BA65AB700E1D0E8 /* PBXContainerItemProxy */;
		};
/* End PBXTargetDependency section */

/* Begin PBXVariantGroup section */
		88C10E8D1BA65AB700E1D0E8 /* LaunchScreen.xib */ = {
			isa = PBXVariantGroup;
			children = (
				88C10E8E1BA65AB700E1D0E8 /* Base */,
			);
			name = LaunchScreen.xib;
			sourceTree = "<group>";
		};
/* End PBXVariantGroup section */

/* Begin XCBuildConfiguration section */
		88C10E9C1BA65AB700E1D0E8 /* Debug */ = {
			isa = XCBuildConfiguration;
			buildSettings = {
				ALWAYS_SEARCH_USER_PATHS = NO;
				CLANG_CXX_LANGUAGE_STANDARD = "gnu++0x";
				CLANG_CXX_LIBRARY = "libc++";
				CLANG_ENABLE_MODULES = YES;
				CLANG_ENABLE_OBJC_ARC = YES;
				CLANG_WARN_BOOL_CONVERSION = YES;
				CLANG_WARN_CONSTANT_CONVERSION = YES;
				CLANG_WARN_DIRECT_OBJC_ISA_USAGE = YES_ERROR;
				CLANG_WARN_EMPTY_BODY = YES;
				CLANG_WARN_ENUM_CONVERSION = YES;
				CLANG_WARN_INT_CONVERSION = YES;
				CLANG_WARN_OBJC_ROOT_CLASS = YES_ERROR;
				CLANG_WARN_UNREACHABLE_CODE = YES;
				CLANG_WARN__DUPLICATE_METHOD_MATCH = YES;
				"CODE_SIGN_IDENTITY[sdk=iphoneos*]" = "iPhone Developer";
				COPY_PHASE_STRIP = NO;
				DEBUG_INFORMATION_FORMAT = "dwarf-with-dsym";
				ENABLE_STRICT_OBJC_MSGSEND = YES;
				GCC_C_LANGUAGE_STANDARD = gnu99;
				GCC_DYNAMIC_NO_PIC = NO;
				GCC_NO_COMMON_BLOCKS = YES;
				GCC_OPTIMIZATION_LEVEL = 0;
				GCC_PREPROCESSOR_DEFINITIONS = (
					"DEBUG=1",
					"$(inherited)",
				);
				GCC_SYMBOLS_PRIVATE_EXTERN = NO;
				GCC_WARN_64_TO_32_BIT_CONVERSION = YES;
				GCC_WARN_ABOUT_RETURN_TYPE = YES_ERROR;
				GCC_WARN_UNDECLARED_SELECTOR = YES;
				GCC_WARN_UNINITIALIZED_AUTOS = YES_AGGRESSIVE;
				GCC_WARN_UNUSED_FUNCTION = YES;
				GCC_WARN_UNUSED_VARIABLE = YES;
				IPHONEOS_DEPLOYMENT_TARGET = 7.0;
				MTL_ENABLE_DEBUG_INFO = YES;
				ONLY_ACTIVE_ARCH = YES;
				SDKROOT = iphoneos;
				TARGETED_DEVICE_FAMILY = "1,2";
			};
			name = Debug;
		};
		88C10E9D1BA65AB700E1D0E8 /* Release */ = {
			isa = XCBuildConfiguration;
			buildSettings = {
				ALWAYS_SEARCH_USER_PATHS = NO;
				CLANG_CXX_LANGUAGE_STANDARD = "gnu++0x";
				CLANG_CXX_LIBRARY = "libc++";
				CLANG_ENABLE_MODULES = YES;
				CLANG_ENABLE_OBJC_ARC = YES;
				CLANG_WARN_BOOL_CONVERSION = YES;
				CLANG_WARN_CONSTANT_CONVERSION = YES;
				CLANG_WARN_DIRECT_OBJC_ISA_USAGE = YES_ERROR;
				CLANG_WARN_EMPTY_BODY = YES;
				CLANG_WARN_ENUM_CONVERSION = YES;
				CLANG_WARN_INT_CONVERSION = YES;
				CLANG_WARN_OBJC_ROOT_CLASS = YES_ERROR;
				CLANG_WARN_UNREACHABLE_CODE = YES;
				CLANG_WARN__DUPLICATE_METHOD_MATCH = YES;
				"CODE_SIGN_IDENTITY[sdk=iphoneos*]" = "iPhone Developer";
				COPY_PHASE_STRIP = NO;
				DEBUG_INFORMATION_FORMAT = "dwarf-with-dsym";
				ENABLE_NS_ASSERTIONS = NO;
				ENABLE_STRICT_OBJC_MSGSEND = YES;
				GCC_C_LANGUAGE_STANDARD = gnu99;
				GCC_NO_COMMON_BLOCKS = YES;
				GCC_WARN_64_TO_32_BIT_CONVERSION = YES;
				GCC_WARN_ABOUT_RETURN_TYPE = YES_ERROR;
				GCC_WARN_UNDECLARED_SELECTOR = YES;
				GCC_WARN_UNINITIALIZED_AUTOS = YES_AGGRESSIVE;
				GCC_WARN_UNUSED_FUNCTION = YES;
				GCC_WARN_UNUSED_VARIABLE = YES;
				IPHONEOS_DEPLOYMENT_TARGET = 7.0;
				MTL_ENABLE_DEBUG_INFO = NO;
				SDKROOT = iphoneos;
				TARGETED_DEVICE_FAMILY = "1,2";
				VALIDATE_PRODUCT = YES;
			};
			name = Release;
		};
		88C10E9F1BA65AB700E1D0E8 /* Debug */ = {
			isa = XCBuildConfiguration;
			baseConfigurationReference = E46EE02C02F4C2CFCB69AB25 /* Pods.debug.xcconfig */;
			buildSettings = {
				ASSETCATALOG_COMPILER_APPICON_NAME = AppIcon;
				GCC_PREFIX_HEADER = "MyTemplate/My-Prefix.pch";
				INFOPLIST_FILE = MyTemplate/Info.plist;
				LD_RUNPATH_SEARCH_PATHS = "$(inherited) @executable_path/Frameworks";
				PRODUCT_NAME = "$(TARGET_NAME)";
			};
			name = Debug;
		};
		88C10EA01BA65AB700E1D0E8 /* Release */ = {
			isa = XCBuildConfiguration;
			baseConfigurationReference = 0442254637E7E9A47F8ECD9A /* Pods.release.xcconfig */;
			buildSettings = {
				ASSETCATALOG_COMPILER_APPICON_NAME = AppIcon;
				GCC_PREFIX_HEADER = "MyTemplate/My-Prefix.pch";
				INFOPLIST_FILE = MyTemplate/Info.plist;
				LD_RUNPATH_SEARCH_PATHS = "$(inherited) @executable_path/Frameworks";
				PRODUCT_NAME = "$(TARGET_NAME)";
			};
			name = Release;
		};
		88C10EA21BA65AB700E1D0E8 /* Debug */ = {
			isa = XCBuildConfiguration;
			buildSettings = {
				BUNDLE_LOADER = "$(TEST_HOST)";
				FRAMEWORK_SEARCH_PATHS = (
					"$(SDKROOT)/Developer/Library/Frameworks",
					"$(inherited)",
				);
				GCC_PREPROCESSOR_DEFINITIONS = (
					"DEBUG=1",
					"$(inherited)",
				);
				INFOPLIST_FILE = MyTemplateTests/Info.plist;
				LD_RUNPATH_SEARCH_PATHS = "$(inherited) @executable_path/Frameworks @loader_path/Frameworks";
				PRODUCT_NAME = "$(TARGET_NAME)";
				TEST_HOST = "$(BUILT_PRODUCTS_DIR)/MyTemplate.app/MyTemplate";
			};
			name = Debug;
		};
		88C10EA31BA65AB700E1D0E8 /* Release */ = {
			isa = XCBuildConfiguration;
			buildSettings = {
				BUNDLE_LOADER = "$(TEST_HOST)";
				FRAMEWORK_SEARCH_PATHS = (
					"$(SDKROOT)/Developer/Library/Frameworks",
					"$(inherited)",
				);
				INFOPLIST_FILE = MyTemplateTests/Info.plist;
				LD_RUNPATH_SEARCH_PATHS = "$(inherited) @executable_path/Frameworks @loader_path/Frameworks";
				PRODUCT_NAME = "$(TARGET_NAME)";
				TEST_HOST = "$(BUILT_PRODUCTS_DIR)/MyTemplate.app/MyTemplate";
			};
			name = Release;
		};
/* End XCBuildConfiguration section */

/* Begin XCConfigurationList section */
		88C10E761BA65AB700E1D0E8 /* Build configuration list for PBXProject "MyTemplate" */ = {
			isa = XCConfigurationList;
			buildConfigurations = (
				88C10E9C1BA65AB700E1D0E8 /* Debug */,
				88C10E9D1BA65AB700E1D0E8 /* Release */,
			);
			defaultConfigurationIsVisible = 0;
			defaultConfigurationName = Release;
		};
		88C10E9E1BA65AB700E1D0E8 /* Build configuration list for PBXNativeTarget "MyTemplate" */ = {
			isa = XCConfigurationList;
			buildConfigurations = (
				88C10E9F1BA65AB700E1D0E8 /* Debug */,
				88C10EA01BA65AB700E1D0E8 /* Release */,
			);
			defaultConfigurationIsVisible = 0;
			defaultConfigurationName = Release;
		};
		88C10EA11BA65AB700E1D0E8 /* Build configuration list for PBXNativeTarget "MyTemplateTests" */ = {
			isa = XCConfigurationList;
			buildConfigurations = (
				88C10EA21BA65AB700E1D0E8 /* Debug */,
				88C10EA31BA65AB700E1D0E8 /* Release */,
			);
			defaultConfigurationIsVisible = 0;
			defaultConfigurationName = Release;
		};
/* End XCConfigurationList section */
	};
	rootObject = 88C10E731BA65AB700E1D0E8 /* Project object */;
}
